{
  "version": 2,
  "dependencies": {
    "net10.0": {
      "fs.gg.governance.config": {
        "type": "Project",
        "dependencies": {
          "FS.GG.Contracts": "[1.4.0, )",
          "YamlDotNet": "[16.3.0, )"
        }
      },
      "FS.GG.Contracts": {
        "type": "CentralTransitive",
        "requested": "[1.4.0, )",
        "resolved": "1.4.0",
        "contentHash": "iq1uWFlkADsM7F6L34HIekJHhI2mHeO77k1lm97KcJlZGi5/JJPO05HodY0jLoOk17v9hxaZuy3hvNgoEdzCnA==",
        "dependencies": {
          "FSharp.Core": "10.1.301"
        }
      },
      "FSharp.Core": {
        "type": "CentralTransitive",
        "requested": "[10.1.301, )",
        "resolved": "10.1.301",
        "contentHash": "excLf2zM/qUB3WhRUfI0xvOOaPwcRAEdYT/BXe9eiTKySnWVuIKMQTf5+6ETy5nsb1dpLp1s2j2yAM/XcRgFMg=="
      },
      "YamlDotNet": {
        "type": "CentralTransitive",
        "requested": "[16.3.0, )",
        "resolved": "16.3.0",
        "contentHash": "SgMOdxbz8X65z8hraIs6hOEdnkH6hESTAIUa7viEngHOYaH+6q5XJmwr1+yb9vJpNQ19hCQY69xbFsLtXpobQA=="
      }
    }
  }
}