
Microsoft Visual Studio Solution File, Format Version 12.00
# Visual Studio Version 17
VisualStudioVersion = 17.0.31903.59
MinimumVisualStudioVersion = 10.0.40219.1
Project("{2150E333-8FDC-42A3-9474-1A3956D46DE8}") = "src", "src", "{827E0CD3-B72D-47B6-A68D-7590B98EB39B}"
EndProject
Project("{F2A71F9B-5D33-465A-A702-920D77279786}") = "FS.GG.Governance.Kernel", "src\FS.GG.Governance.Kernel\FS.GG.Governance.Kernel.fsproj", "{638C12DB-A4D6-4CB4-947D-D4B7C2A46DD9}"
EndProject
Project("{2150E333-8FDC-42A3-9474-1A3956D46DE8}") = "tests", "tests", "{0AB3BF05-4346-4AA6-1389-037BE0695223}"
EndProject
Project("{F2A71F9B-5D33-465A-A702-920D77279786}") = "FS.GG.Governance.Kernel.Tests", "tests\FS.GG.Governance.Kernel.Tests\FS.GG.Governance.Kernel.Tests.fsproj", "{8D0520D1-514C-401C-A09D-224AE130B073}"
EndProject
Project("{F2A71F9B-5D33-465A-A702-920D77279786}") = "FS.GG.Governance.Host", "src\FS.GG.Governance.Host\FS.GG.Governance.Host.fsproj", "{FAEEAE82-AF73-4EB7-9BEC-9B85E13D3C2A}"
EndProject
Project("{F2A71F9B-5D33-465A-A702-920D77279786}") = "FS.GG.Governance.Host.Tests", "tests\FS.GG.Governance.Host.Tests\FS.GG.Governance.Host.Tests.fsproj", "{FC08FF48-A4E9-4943-98AB-DFCE9B39C898}"
EndProject
Project("{F2A71F9B-5D33-465A-A702-920D77279786}") = "FS.GG.Governance.Adapters.Spi", "src\FS.GG.Governance.Adapters.Spi\FS.GG.Governance.Adapters.Spi.fsproj", "{77255F9B-E1A9-4FE4-AD61-8DC218015327}"
EndProject
Project("{F2A71F9B-5D33-465A-A702-920D77279786}") = "FS.GG.Governance.Adapters.Spi.Tests", "tests\FS.GG.Governance.Adapters.Spi.Tests\FS.GG.Governance.Adapters.Spi.Tests.fsproj", "{7FB4C487-8E83-4A85-8A85-1C96B9CD9321}"
EndProject
Project("{F2A71F9B-5D33-465A-A702-920D77279786}") = "FS.GG.Governance.Adapters.SpecKit", "src\FS.GG.Governance.Adapters.SpecKit\FS.GG.Governance.Adapters.SpecKit.fsproj", "{A1F3D958-2CD7-4FFC-AE36-37E47C55B934}"
EndProject
Project("{F2A71F9B-5D33-465A-A702-920D77279786}") = "FS.GG.Governance.Adapters.SpecKit.Tests", "tests\FS.GG.Governance.Adapters.SpecKit.Tests\FS.GG.Governance.Adapters.SpecKit.Tests.fsproj", "{79973560-5F29-4321-A785-6E7689BD5F3A}"
EndProject
Project("{F2A71F9B-5D33-465A-A702-920D77279786}") = "FS.GG.Governance.Adapters.DesignSystem", "src\FS.GG.Governance.Adapters.DesignSystem\FS.GG.Governance.Adapters.DesignSystem.fsproj", "{109E2F19-3863-4D64-8C45-448661637F50}"
EndProject
Project("{F2A71F9B-5D33-465A-A702-920D77279786}") = "FS.GG.Governance.Adapters.DesignSystem.Tests", "tests\FS.GG.Governance.Adapters.DesignSystem.Tests\FS.GG.Governance.Adapters.DesignSystem.Tests.fsproj", "{900DC0A6-2692-41FA-B3B6-DCD5B424ADFA}"
EndProject
Project("{F2A71F9B-5D33-465A-A702-920D77279786}") = "FS.GG.Governance.Cli", "src\FS.GG.Governance.Cli\FS.GG.Governance.Cli.fsproj", "{30D29EF3-69AE-4582-AFB1-E73478BDD391}"
EndProject
Project("{F2A71F9B-5D33-465A-A702-920D77279786}") = "FS.GG.Governance.Cli.Tests", "tests\FS.GG.Governance.Cli.Tests\FS.GG.Governance.Cli.Tests.fsproj", "{EC8C1BD6-AD65-408D-8940-EC71B7E2D54E}"
EndProject
Project("{F2A71F9B-5D33-465A-A702-920D77279786}") = "FS.GG.Governance.Config", "src\FS.GG.Governance.Config\FS.GG.Governance.Config.fsproj", "{503EF0F4-7AA0-4EC5-85B2-066C4565BC0C}"
EndProject
Project("{F2A71F9B-5D33-465A-A702-920D77279786}") = "FS.GG.Governance.Config.Tests", "tests\FS.GG.Governance.Config.Tests\FS.GG.Governance.Config.Tests.fsproj", "{A98049DE-C12A-46B7-8EA8-1AF769DEEFCF}"
EndProject
Project("{F2A71F9B-5D33-465A-A702-920D77279786}") = "FS.GG.Governance.Routing", "src\FS.GG.Governance.Routing\FS.GG.Governance.Routing.fsproj", "{3D8C2FAC-F60E-472D-84C4-BC6A977445D8}"
EndProject
Project("{F2A71F9B-5D33-465A-A702-920D77279786}") = "FS.GG.Governance.Routing.Tests", "tests\FS.GG.Governance.Routing.Tests\FS.GG.Governance.Routing.Tests.fsproj", "{DCE8FA24-9EA9-48C1-BF41-A198BED88657}"
EndProject
Project("{F2A71F9B-5D33-465A-A702-920D77279786}") = "FS.GG.Governance.Snapshot", "src\FS.GG.Governance.Snapshot\FS.GG.Governance.Snapshot.fsproj", "{E88FDF0A-7754-4D40-9824-879F14D8E4F7}"
EndProject
Project("{F2A71F9B-5D33-465A-A702-920D77279786}") = "FS.GG.Governance.Snapshot.Tests", "tests\FS.GG.Governance.Snapshot.Tests\FS.GG.Governance.Snapshot.Tests.fsproj", "{AEBAA2D9-BD44-48F9-89C4-DA917D77076D}"
EndProject
Project("{F2A71F9B-5D33-465A-A702-920D77279786}") = "FS.GG.Governance.Findings", "src\FS.GG.Governance.Findings\FS.GG.Governance.Findings.fsproj", "{F9540589-7C06-4149-AEB2-CAD5415B2B71}"
EndProject
Project("{F2A71F9B-5D33-465A-A702-920D77279786}") = "FS.GG.Governance.Findings.Tests", "tests\FS.GG.Governance.Findings.Tests\FS.GG.Governance.Findings.Tests.fsproj", "{E3420AD9-B707-4D67-B78B-33C44ECCAC12}"
EndProject
Project("{F2A71F9B-5D33-465A-A702-920D77279786}") = "FS.GG.Governance.Gates", "src\FS.GG.Governance.Gates\FS.GG.Governance.Gates.fsproj", "{4A93344B-F408-4A0E-A1D8-04F92995729D}"
EndProject
Project("{F2A71F9B-5D33-465A-A702-920D77279786}") = "FS.GG.Governance.Gates.Tests", "tests\FS.GG.Governance.Gates.Tests\FS.GG.Governance.Gates.Tests.fsproj", "{77326FDF-D1E8-403F-A8AC-F1843E356FD2}"
EndProject
Project("{F2A71F9B-5D33-465A-A702-920D77279786}") = "FS.GG.Governance.Route", "src\FS.GG.Governance.Route\FS.GG.Governance.Route.fsproj", "{A063C86C-6924-4668-BC16-2638C2F4E9FC}"
EndProject
Project("{F2A71F9B-5D33-465A-A702-920D77279786}") = "FS.GG.Governance.Route.Tests", "tests\FS.GG.Governance.Route.Tests\FS.GG.Governance.Route.Tests.fsproj", "{C71930AE-FA13-4B05-803E-2FB5CD81DD94}"
EndProject
Project("{F2A71F9B-5D33-465A-A702-920D77279786}") = "FS.GG.Governance.RouteJson", "src\FS.GG.Governance.RouteJson\FS.GG.Governance.RouteJson.fsproj", "{70CC7964-B247-4A00-B2CE-8523A05B9E9C}"
EndProject
Project("{F2A71F9B-5D33-465A-A702-920D77279786}") = "FS.GG.Governance.RouteJson.Tests", "tests\FS.GG.Governance.RouteJson.Tests\FS.GG.Governance.RouteJson.Tests.fsproj", "{1FC1DA32-3BDD-4DCE-A537-61634057872F}"
EndProject
Project("{F2A71F9B-5D33-465A-A702-920D77279786}") = "FS.GG.Governance.GatesJson", "src\FS.GG.Governance.GatesJson\FS.GG.Governance.GatesJson.fsproj", "{9F36F5ED-7237-4424-A813-90F3955A8510}"
EndProject
Project("{F2A71F9B-5D33-465A-A702-920D77279786}") = "FS.GG.Governance.GatesJson.Tests", "tests\FS.GG.Governance.GatesJson.Tests\FS.GG.Governance.GatesJson.Tests.fsproj", "{FBDF8591-C4CE-4633-BFAC-990D5383A3EE}"
EndProject
Project("{F2A71F9B-5D33-465A-A702-920D77279786}") = "FS.GG.Governance.RouteCommand", "src\FS.GG.Governance.RouteCommand\FS.GG.Governance.RouteCommand.fsproj", "{9649D10D-6703-432E-8F6B-60760CFF54BF}"
EndProject
Project("{F2A71F9B-5D33-465A-A702-920D77279786}") = "FS.GG.Governance.RouteCommand.Tests", "tests\FS.GG.Governance.RouteCommand.Tests\FS.GG.Governance.RouteCommand.Tests.fsproj", "{055A23B9-FFEE-4211-9208-0E8E4ABB3262}"
EndProject
Project("{F2A71F9B-5D33-465A-A702-920D77279786}") = "FS.GG.Governance.Enforcement", "src\FS.GG.Governance.Enforcement\FS.GG.Governance.Enforcement.fsproj", "{AC0FE5FD-7724-46F6-A2A4-5FCF093848C3}"
EndProject
Project("{F2A71F9B-5D33-465A-A702-920D77279786}") = "FS.GG.Governance.Enforcement.Tests", "tests\FS.GG.Governance.Enforcement.Tests\FS.GG.Governance.Enforcement.Tests.fsproj", "{3E1AE988-620B-4D40-BF65-849E90AFC473}"
EndProject
Project("{F2A71F9B-5D33-465A-A702-920D77279786}") = "FS.GG.Governance.Ship", "src\FS.GG.Governance.Ship\FS.GG.Governance.Ship.fsproj", "{4B25DB5C-DE37-4966-B570-A2FD3CBD2A18}"
EndProject
Project("{F2A71F9B-5D33-465A-A702-920D77279786}") = "FS.GG.Governance.Ship.Tests", "tests\FS.GG.Governance.Ship.Tests\FS.GG.Governance.Ship.Tests.fsproj", "{924FB87B-5265-438B-980B-B72CBDE9CB78}"
EndProject
Project("{F2A71F9B-5D33-465A-A702-920D77279786}") = "FS.GG.Governance.AuditJson", "src\FS.GG.Governance.AuditJson\FS.GG.Governance.AuditJson.fsproj", "{72E72980-1DC8-4B13-A3D1-3DFCC91D47CA}"
EndProject
Project("{F2A71F9B-5D33-465A-A702-920D77279786}") = "FS.GG.Governance.AuditJson.Tests", "tests\FS.GG.Governance.AuditJson.Tests\FS.GG.Governance.AuditJson.Tests.fsproj", "{A227C3F4-FB43-4BBE-BAD6-1D92A626F083}"
EndProject
Project("{F2A71F9B-5D33-465A-A702-920D77279786}") = "FS.GG.Governance.EnforcementFixtures.Tests", "tests\FS.GG.Governance.EnforcementFixtures.Tests\FS.GG.Governance.EnforcementFixtures.Tests.fsproj", "{05AF6779-09C7-4929-894E-B84F1DF5F6D3}"
EndProject
Project("{F2A71F9B-5D33-465A-A702-920D77279786}") = "FS.GG.Governance.ShipCommand", "src\FS.GG.Governance.ShipCommand\FS.GG.Governance.ShipCommand.fsproj", "{CF6DA40F-51F5-45BF-B633-E3E311DAC93A}"
EndProject
Project("{F2A71F9B-5D33-465A-A702-920D77279786}") = "FS.GG.Governance.ShipCommand.Tests", "tests\FS.GG.Governance.ShipCommand.Tests\FS.GG.Governance.ShipCommand.Tests.fsproj", "{4968127E-7A66-43A4-A355-E13673BAC023}"
EndProject
Project("{F2A71F9B-5D33-465A-A702-920D77279786}") = "FS.GG.Governance.FreshnessKey", "src\FS.GG.Governance.FreshnessKey\FS.GG.Governance.FreshnessKey.fsproj", "{A70914F3-0029-49D1-B451-6510C8B145D0}"
EndProject
Project("{F2A71F9B-5D33-465A-A702-920D77279786}") = "FS.GG.Governance.FreshnessKey.Tests", "tests\FS.GG.Governance.FreshnessKey.Tests\FS.GG.Governance.FreshnessKey.Tests.fsproj", "{C0FE45FD-DFEE-4DD4-9091-5D283CF853B2}"
EndProject
Project("{F2A71F9B-5D33-465A-A702-920D77279786}") = "FS.GG.Governance.EvidenceReuse", "src\FS.GG.Governance.EvidenceReuse\FS.GG.Governance.EvidenceReuse.fsproj", "{2B68DBEF-76BE-4D70-8018-75423695AC3C}"
EndProject
Project("{F2A71F9B-5D33-465A-A702-920D77279786}") = "FS.GG.Governance.EvidenceReuse.Tests", "tests\FS.GG.Governance.EvidenceReuse.Tests\FS.GG.Governance.EvidenceReuse.Tests.fsproj", "{ED095B64-DC44-4AC9-9D23-B876B3B10FC4}"
EndProject
Project("{F2A71F9B-5D33-465A-A702-920D77279786}") = "FS.GG.Governance.RouteExplain", "src\FS.GG.Governance.RouteExplain\FS.GG.Governance.RouteExplain.fsproj", "{E21DB5DA-461A-4919-8C39-BE2DC9D22020}"
EndProject
Project("{F2A71F9B-5D33-465A-A702-920D77279786}") = "FS.GG.Governance.RouteExplain.Tests", "tests\FS.GG.Governance.RouteExplain.Tests\FS.GG.Governance.RouteExplain.Tests.fsproj", "{4540B223-633B-4D42-8D37-560E94507785}"
EndProject
Project("{F2A71F9B-5D33-465A-A702-920D77279786}") = "FS.GG.Governance.CommandRecord", "src\FS.GG.Governance.CommandRecord\FS.GG.Governance.CommandRecord.fsproj", "{DE40CD73-DE66-4982-93C9-D35A1BB705EE}"
EndProject
Project("{F2A71F9B-5D33-465A-A702-920D77279786}") = "FS.GG.Governance.CommandRecord.Tests", "tests\FS.GG.Governance.CommandRecord.Tests\FS.GG.Governance.CommandRecord.Tests.fsproj", "{F5AEBBFC-494D-4EA8-A1E3-1B2F10BC5B68}"
EndProject
Project("{F2A71F9B-5D33-465A-A702-920D77279786}") = "FS.GG.Governance.Provenance", "src\FS.GG.Governance.Provenance\FS.GG.Governance.Provenance.fsproj", "{E13A8038-C459-4D56-8F6F-C3A49AA8C2E0}"
EndProject
Project("{F2A71F9B-5D33-465A-A702-920D77279786}") = "FS.GG.Governance.Provenance.Tests", "tests\FS.GG.Governance.Provenance.Tests\FS.GG.Governance.Provenance.Tests.fsproj", "{0D95413C-0E7F-4C87-973A-57DF1AE680C5}"
EndProject
Project("{F2A71F9B-5D33-465A-A702-920D77279786}") = "FS.GG.Governance.SensedMetadata", "src\FS.GG.Governance.SensedMetadata\FS.GG.Governance.SensedMetadata.fsproj", "{7E5C9A21-3F84-4B6D-9C12-0A4D8E6F1B34}"
EndProject
Project("{F2A71F9B-5D33-465A-A702-920D77279786}") = "FS.GG.Governance.SensedMetadata.Tests", "tests\FS.GG.Governance.SensedMetadata.Tests\FS.GG.Governance.SensedMetadata.Tests.fsproj", "{2D9F4A86-1C73-4E5B-8A09-6B3F7D2C0E15}"
EndProject
Project("{F2A71F9B-5D33-465A-A702-920D77279786}") = "FS.GG.Governance.AgentReviewKey", "src\FS.GG.Governance.AgentReviewKey\FS.GG.Governance.AgentReviewKey.fsproj", "{C057ECF7-AF4E-495A-9220-1D7447875E0C}"
EndProject
Project("{F2A71F9B-5D33-465A-A702-920D77279786}") = "FS.GG.Governance.AgentReviewKey.Tests", "tests\FS.GG.Governance.AgentReviewKey.Tests\FS.GG.Governance.AgentReviewKey.Tests.fsproj", "{3DF9B0D4-BEDE-43E9-843F-96D0C1A6651A}"
EndProject
Global
	GlobalSection(SolutionConfigurationPlatforms) = preSolution
		Debug|Any CPU = Debug|Any CPU
		Debug|x64 = Debug|x64
		Debug|x86 = Debug|x86
		Release|Any CPU = Release|Any CPU
		Release|x64 = Release|x64
		Release|x86 = Release|x86
	EndGlobalSection
	GlobalSection(ProjectConfigurationPlatforms) = postSolution
		{638C12DB-A4D6-4CB4-947D-D4B7C2A46DD9}.Debug|Any CPU.ActiveCfg = Debug|Any CPU
		{638C12DB-A4D6-4CB4-947D-D4B7C2A46DD9}.Debug|Any CPU.Build.0 = Debug|Any CPU
		{638C12DB-A4D6-4CB4-947D-D4B7C2A46DD9}.Debug|x64.ActiveCfg = Debug|Any CPU
		{638C12DB-A4D6-4CB4-947D-D4B7C2A46DD9}.Debug|x64.Build.0 = Debug|Any CPU
		{638C12DB-A4D6-4CB4-947D-D4B7C2A46DD9}.Debug|x86.ActiveCfg = Debug|Any CPU
		{638C12DB-A4D6-4CB4-947D-D4B7C2A46DD9}.Debug|x86.Build.0 = Debug|Any CPU
		{638C12DB-A4D6-4CB4-947D-D4B7C2A46DD9}.Release|Any CPU.ActiveCfg = Release|Any CPU
		{638C12DB-A4D6-4CB4-947D-D4B7C2A46DD9}.Release|Any CPU.Build.0 = Release|Any CPU
		{638C12DB-A4D6-4CB4-947D-D4B7C2A46DD9}.Release|x64.ActiveCfg = Release|Any CPU
		{638C12DB-A4D6-4CB4-947D-D4B7C2A46DD9}.Release|x64.Build.0 = Release|Any CPU
		{638C12DB-A4D6-4CB4-947D-D4B7C2A46DD9}.Release|x86.ActiveCfg = Release|Any CPU
		{638C12DB-A4D6-4CB4-947D-D4B7C2A46DD9}.Release|x86.Build.0 = Release|Any CPU
		{8D0520D1-514C-401C-A09D-224AE130B073}.Debug|Any CPU.ActiveCfg = Debug|Any CPU
		{8D0520D1-514C-401C-A09D-224AE130B073}.Debug|Any CPU.Build.0 = Debug|Any CPU
		{8D0520D1-514C-401C-A09D-224AE130B073}.Debug|x64.ActiveCfg = Debug|Any CPU
		{8D0520D1-514C-401C-A09D-224AE130B073}.Debug|x64.Build.0 = Debug|Any CPU
		{8D0520D1-514C-401C-A09D-224AE130B073}.Debug|x86.ActiveCfg = Debug|Any CPU
		{8D0520D1-514C-401C-A09D-224AE130B073}.Debug|x86.Build.0 = Debug|Any CPU
		{8D0520D1-514C-401C-A09D-224AE130B073}.Release|Any CPU.ActiveCfg = Release|Any CPU
		{8D0520D1-514C-401C-A09D-224AE130B073}.Release|Any CPU.Build.0 = Release|Any CPU
		{8D0520D1-514C-401C-A09D-224AE130B073}.Release|x64.ActiveCfg = Release|Any CPU
		{8D0520D1-514C-401C-A09D-224AE130B073}.Release|x64.Build.0 = Release|Any CPU
		{8D0520D1-514C-401C-A09D-224AE130B073}.Release|x86.ActiveCfg = Release|Any CPU
		{8D0520D1-514C-401C-A09D-224AE130B073}.Release|x86.Build.0 = Release|Any CPU
		{FAEEAE82-AF73-4EB7-9BEC-9B85E13D3C2A}.Debug|Any CPU.ActiveCfg = Debug|Any CPU
		{FAEEAE82-AF73-4EB7-9BEC-9B85E13D3C2A}.Debug|Any CPU.Build.0 = Debug|Any CPU
		{FAEEAE82-AF73-4EB7-9BEC-9B85E13D3C2A}.Debug|x64.ActiveCfg = Debug|Any CPU
		{FAEEAE82-AF73-4EB7-9BEC-9B85E13D3C2A}.Debug|x64.Build.0 = Debug|Any CPU
		{FAEEAE82-AF73-4EB7-9BEC-9B85E13D3C2A}.Debug|x86.ActiveCfg = Debug|Any CPU
		{FAEEAE82-AF73-4EB7-9BEC-9B85E13D3C2A}.Debug|x86.Build.0 = Debug|Any CPU
		{FAEEAE82-AF73-4EB7-9BEC-9B85E13D3C2A}.Release|Any CPU.ActiveCfg = Release|Any CPU
		{FAEEAE82-AF73-4EB7-9BEC-9B85E13D3C2A}.Release|Any CPU.Build.0 = Release|Any CPU
		{FAEEAE82-AF73-4EB7-9BEC-9B85E13D3C2A}.Release|x64.ActiveCfg = Release|Any CPU
		{FAEEAE82-AF73-4EB7-9BEC-9B85E13D3C2A}.Release|x64.Build.0 = Release|Any CPU
		{FAEEAE82-AF73-4EB7-9BEC-9B85E13D3C2A}.Release|x86.ActiveCfg = Release|Any CPU
		{FAEEAE82-AF73-4EB7-9BEC-9B85E13D3C2A}.Release|x86.Build.0 = Release|Any CPU
		{FC08FF48-A4E9-4943-98AB-DFCE9B39C898}.Debug|Any CPU.ActiveCfg = Debug|Any CPU
		{FC08FF48-A4E9-4943-98AB-DFCE9B39C898}.Debug|Any CPU.Build.0 = Debug|Any CPU
		{FC08FF48-A4E9-4943-98AB-DFCE9B39C898}.Debug|x64.ActiveCfg = Debug|Any CPU
		{FC08FF48-A4E9-4943-98AB-DFCE9B39C898}.Debug|x64.Build.0 = Debug|Any CPU
		{FC08FF48-A4E9-4943-98AB-DFCE9B39C898}.Debug|x86.ActiveCfg = Debug|Any CPU
		{FC08FF48-A4E9-4943-98AB-DFCE9B39C898}.Debug|x86.Build.0 = Debug|Any CPU
		{FC08FF48-A4E9-4943-98AB-DFCE9B39C898}.Release|Any CPU.ActiveCfg = Release|Any CPU
		{FC08FF48-A4E9-4943-98AB-DFCE9B39C898}.Release|Any CPU.Build.0 = Release|Any CPU
		{FC08FF48-A4E9-4943-98AB-DFCE9B39C898}.Release|x64.ActiveCfg = Release|Any CPU
		{FC08FF48-A4E9-4943-98AB-DFCE9B39C898}.Release|x64.Build.0 = Release|Any CPU
		{FC08FF48-A4E9-4943-98AB-DFCE9B39C898}.Release|x86.ActiveCfg = Release|Any CPU
		{FC08FF48-A4E9-4943-98AB-DFCE9B39C898}.Release|x86.Build.0 = Release|Any CPU
		{77255F9B-E1A9-4FE4-AD61-8DC218015327}.Debug|Any CPU.ActiveCfg = Debug|Any CPU
		{77255F9B-E1A9-4FE4-AD61-8DC218015327}.Debug|Any CPU.Build.0 = Debug|Any CPU
		{77255F9B-E1A9-4FE4-AD61-8DC218015327}.Debug|x64.ActiveCfg = Debug|Any CPU
		{77255F9B-E1A9-4FE4-AD61-8DC218015327}.Debug|x64.Build.0 = Debug|Any CPU
		{77255F9B-E1A9-4FE4-AD61-8DC218015327}.Debug|x86.ActiveCfg = Debug|Any CPU
		{77255F9B-E1A9-4FE4-AD61-8DC218015327}.Debug|x86.Build.0 = Debug|Any CPU
		{77255F9B-E1A9-4FE4-AD61-8DC218015327}.Release|Any CPU.ActiveCfg = Release|Any CPU
		{77255F9B-E1A9-4FE4-AD61-8DC218015327}.Release|Any CPU.Build.0 = Release|Any CPU
		{77255F9B-E1A9-4FE4-AD61-8DC218015327}.Release|x64.ActiveCfg = Release|Any CPU
		{77255F9B-E1A9-4FE4-AD61-8DC218015327}.Release|x64.Build.0 = Release|Any CPU
		{77255F9B-E1A9-4FE4-AD61-8DC218015327}.Release|x86.ActiveCfg = Release|Any CPU
		{77255F9B-E1A9-4FE4-AD61-8DC218015327}.Release|x86.Build.0 = Release|Any CPU
		{7FB4C487-8E83-4A85-8A85-1C96B9CD9321}.Debug|Any CPU.ActiveCfg = Debug|Any CPU
		{7FB4C487-8E83-4A85-8A85-1C96B9CD9321}.Debug|Any CPU.Build.0 = Debug|Any CPU
		{7FB4C487-8E83-4A85-8A85-1C96B9CD9321}.Debug|x64.ActiveCfg = Debug|Any CPU
		{7FB4C487-8E83-4A85-8A85-1C96B9CD9321}.Debug|x64.Build.0 = Debug|Any CPU
		{7FB4C487-8E83-4A85-8A85-1C96B9CD9321}.Debug|x86.ActiveCfg = Debug|Any CPU
		{7FB4C487-8E83-4A85-8A85-1C96B9CD9321}.Debug|x86.Build.0 = Debug|Any CPU
		{7FB4C487-8E83-4A85-8A85-1C96B9CD9321}.Release|Any CPU.ActiveCfg = Release|Any CPU
		{7FB4C487-8E83-4A85-8A85-1C96B9CD9321}.Release|Any CPU.Build.0 = Release|Any CPU
		{7FB4C487-8E83-4A85-8A85-1C96B9CD9321}.Release|x64.ActiveCfg = Release|Any CPU
		{7FB4C487-8E83-4A85-8A85-1C96B9CD9321}.Release|x64.Build.0 = Release|Any CPU
		{7FB4C487-8E83-4A85-8A85-1C96B9CD9321}.Release|x86.ActiveCfg = Release|Any CPU
		{7FB4C487-8E83-4A85-8A85-1C96B9CD9321}.Release|x86.Build.0 = Release|Any CPU
		{A1F3D958-2CD7-4FFC-AE36-37E47C55B934}.Debug|Any CPU.ActiveCfg = Debug|Any CPU
		{A1F3D958-2CD7-4FFC-AE36-37E47C55B934}.Debug|Any CPU.Build.0 = Debug|Any CPU
		{A1F3D958-2CD7-4FFC-AE36-37E47C55B934}.Debug|x64.ActiveCfg = Debug|Any CPU
		{A1F3D958-2CD7-4FFC-AE36-37E47C55B934}.Debug|x64.Build.0 = Debug|Any CPU
		{A1F3D958-2CD7-4FFC-AE36-37E47C55B934}.Debug|x86.ActiveCfg = Debug|Any CPU
		{A1F3D958-2CD7-4FFC-AE36-37E47C55B934}.Debug|x86.Build.0 = Debug|Any CPU
		{A1F3D958-2CD7-4FFC-AE36-37E47C55B934}.Release|Any CPU.ActiveCfg = Release|Any CPU
		{A1F3D958-2CD7-4FFC-AE36-37E47C55B934}.Release|Any CPU.Build.0 = Release|Any CPU
		{A1F3D958-2CD7-4FFC-AE36-37E47C55B934}.Release|x64.ActiveCfg = Release|Any CPU
		{A1F3D958-2CD7-4FFC-AE36-37E47C55B934}.Release|x64.Build.0 = Release|Any CPU
		{A1F3D958-2CD7-4FFC-AE36-37E47C55B934}.Release|x86.ActiveCfg = Release|Any CPU
		{A1F3D958-2CD7-4FFC-AE36-37E47C55B934}.Release|x86.Build.0 = Release|Any CPU
		{79973560-5F29-4321-A785-6E7689BD5F3A}.Debug|Any CPU.ActiveCfg = Debug|Any CPU
		{79973560-5F29-4321-A785-6E7689BD5F3A}.Debug|Any CPU.Build.0 = Debug|Any CPU
		{79973560-5F29-4321-A785-6E7689BD5F3A}.Debug|x64.ActiveCfg = Debug|Any CPU
		{79973560-5F29-4321-A785-6E7689BD5F3A}.Debug|x64.Build.0 = Debug|Any CPU
		{79973560-5F29-4321-A785-6E7689BD5F3A}.Debug|x86.ActiveCfg = Debug|Any CPU
		{79973560-5F29-4321-A785-6E7689BD5F3A}.Debug|x86.Build.0 = Debug|Any CPU
		{79973560-5F29-4321-A785-6E7689BD5F3A}.Release|Any CPU.ActiveCfg = Release|Any CPU
		{79973560-5F29-4321-A785-6E7689BD5F3A}.Release|Any CPU.Build.0 = Release|Any CPU
		{79973560-5F29-4321-A785-6E7689BD5F3A}.Release|x64.ActiveCfg = Release|Any CPU
		{79973560-5F29-4321-A785-6E7689BD5F3A}.Release|x64.Build.0 = Release|Any CPU
		{79973560-5F29-4321-A785-6E7689BD5F3A}.Release|x86.ActiveCfg = Release|Any CPU
		{79973560-5F29-4321-A785-6E7689BD5F3A}.Release|x86.Build.0 = Release|Any CPU
		{109E2F19-3863-4D64-8C45-448661637F50}.Debug|Any CPU.ActiveCfg = Debug|Any CPU
		{109E2F19-3863-4D64-8C45-448661637F50}.Debug|Any CPU.Build.0 = Debug|Any CPU
		{109E2F19-3863-4D64-8C45-448661637F50}.Debug|x64.ActiveCfg = Debug|Any CPU
		{109E2F19-3863-4D64-8C45-448661637F50}.Debug|x64.Build.0 = Debug|Any CPU
		{109E2F19-3863-4D64-8C45-448661637F50}.Debug|x86.ActiveCfg = Debug|Any CPU
		{109E2F19-3863-4D64-8C45-448661637F50}.Debug|x86.Build.0 = Debug|Any CPU
		{109E2F19-3863-4D64-8C45-448661637F50}.Release|Any CPU.ActiveCfg = Release|Any CPU
		{109E2F19-3863-4D64-8C45-448661637F50}.Release|Any CPU.Build.0 = Release|Any CPU
		{109E2F19-3863-4D64-8C45-448661637F50}.Release|x64.ActiveCfg = Release|Any CPU
		{109E2F19-3863-4D64-8C45-448661637F50}.Release|x64.Build.0 = Release|Any CPU
		{109E2F19-3863-4D64-8C45-448661637F50}.Release|x86.ActiveCfg = Release|Any CPU
		{109E2F19-3863-4D64-8C45-448661637F50}.Release|x86.Build.0 = Release|Any CPU
		{900DC0A6-2692-41FA-B3B6-DCD5B424ADFA}.Debug|Any CPU.ActiveCfg = Debug|Any CPU
		{900DC0A6-2692-41FA-B3B6-DCD5B424ADFA}.Debug|Any CPU.Build.0 = Debug|Any CPU
		{900DC0A6-2692-41FA-B3B6-DCD5B424ADFA}.Debug|x64.ActiveCfg = Debug|Any CPU
		{900DC0A6-2692-41FA-B3B6-DCD5B424ADFA}.Debug|x64.Build.0 = Debug|Any CPU
		{900DC0A6-2692-41FA-B3B6-DCD5B424ADFA}.Debug|x86.ActiveCfg = Debug|Any CPU
		{900DC0A6-2692-41FA-B3B6-DCD5B424ADFA}.Debug|x86.Build.0 = Debug|Any CPU
		{900DC0A6-2692-41FA-B3B6-DCD5B424ADFA}.Release|Any CPU.ActiveCfg = Release|Any CPU
		{900DC0A6-2692-41FA-B3B6-DCD5B424ADFA}.Release|Any CPU.Build.0 = Release|Any CPU
		{900DC0A6-2692-41FA-B3B6-DCD5B424ADFA}.Release|x64.ActiveCfg = Release|Any CPU
		{900DC0A6-2692-41FA-B3B6-DCD5B424ADFA}.Release|x64.Build.0 = Release|Any CPU
		{900DC0A6-2692-41FA-B3B6-DCD5B424ADFA}.Release|x86.ActiveCfg = Release|Any CPU
		{900DC0A6-2692-41FA-B3B6-DCD5B424ADFA}.Release|x86.Build.0 = Release|Any CPU
		{30D29EF3-69AE-4582-AFB1-E73478BDD391}.Debug|Any CPU.ActiveCfg = Debug|Any CPU
		{30D29EF3-69AE-4582-AFB1-E73478BDD391}.Debug|Any CPU.Build.0 = Debug|Any CPU
		{30D29EF3-69AE-4582-AFB1-E73478BDD391}.Debug|x64.ActiveCfg = Debug|Any CPU
		{30D29EF3-69AE-4582-AFB1-E73478BDD391}.Debug|x64.Build.0 = Debug|Any CPU
		{30D29EF3-69AE-4582-AFB1-E73478BDD391}.Debug|x86.ActiveCfg = Debug|Any CPU
		{30D29EF3-69AE-4582-AFB1-E73478BDD391}.Debug|x86.Build.0 = Debug|Any CPU
		{30D29EF3-69AE-4582-AFB1-E73478BDD391}.Release|Any CPU.ActiveCfg = Release|Any CPU
		{30D29EF3-69AE-4582-AFB1-E73478BDD391}.Release|Any CPU.Build.0 = Release|Any CPU
		{30D29EF3-69AE-4582-AFB1-E73478BDD391}.Release|x64.ActiveCfg = Release|Any CPU
		{30D29EF3-69AE-4582-AFB1-E73478BDD391}.Release|x64.Build.0 = Release|Any CPU
		{30D29EF3-69AE-4582-AFB1-E73478BDD391}.Release|x86.ActiveCfg = Release|Any CPU
		{30D29EF3-69AE-4582-AFB1-E73478BDD391}.Release|x86.Build.0 = Release|Any CPU
		{EC8C1BD6-AD65-408D-8940-EC71B7E2D54E}.Debug|Any CPU.ActiveCfg = Debug|Any CPU
		{EC8C1BD6-AD65-408D-8940-EC71B7E2D54E}.Debug|Any CPU.Build.0 = Debug|Any CPU
		{EC8C1BD6-AD65-408D-8940-EC71B7E2D54E}.Debug|x64.ActiveCfg = Debug|Any CPU
		{EC8C1BD6-AD65-408D-8940-EC71B7E2D54E}.Debug|x64.Build.0 = Debug|Any CPU
		{EC8C1BD6-AD65-408D-8940-EC71B7E2D54E}.Debug|x86.ActiveCfg = Debug|Any CPU
		{EC8C1BD6-AD65-408D-8940-EC71B7E2D54E}.Debug|x86.Build.0 = Debug|Any CPU
		{EC8C1BD6-AD65-408D-8940-EC71B7E2D54E}.Release|Any CPU.ActiveCfg = Release|Any CPU
		{EC8C1BD6-AD65-408D-8940-EC71B7E2D54E}.Release|Any CPU.Build.0 = Release|Any CPU
		{EC8C1BD6-AD65-408D-8940-EC71B7E2D54E}.Release|x64.ActiveCfg = Release|Any CPU
		{EC8C1BD6-AD65-408D-8940-EC71B7E2D54E}.Release|x64.Build.0 = Release|Any CPU
		{EC8C1BD6-AD65-408D-8940-EC71B7E2D54E}.Release|x86.ActiveCfg = Release|Any CPU
		{EC8C1BD6-AD65-408D-8940-EC71B7E2D54E}.Release|x86.Build.0 = Release|Any CPU
		{503EF0F4-7AA0-4EC5-85B2-066C4565BC0C}.Debug|Any CPU.ActiveCfg = Debug|Any CPU
		{503EF0F4-7AA0-4EC5-85B2-066C4565BC0C}.Debug|Any CPU.Build.0 = Debug|Any CPU
		{503EF0F4-7AA0-4EC5-85B2-066C4565BC0C}.Debug|x64.ActiveCfg = Debug|Any CPU
		{503EF0F4-7AA0-4EC5-85B2-066C4565BC0C}.Debug|x64.Build.0 = Debug|Any CPU
		{503EF0F4-7AA0-4EC5-85B2-066C4565BC0C}.Debug|x86.ActiveCfg = Debug|Any CPU
		{503EF0F4-7AA0-4EC5-85B2-066C4565BC0C}.Debug|x86.Build.0 = Debug|Any CPU
		{503EF0F4-7AA0-4EC5-85B2-066C4565BC0C}.Release|Any CPU.ActiveCfg = Release|Any CPU
		{503EF0F4-7AA0-4EC5-85B2-066C4565BC0C}.Release|Any CPU.Build.0 = Release|Any CPU
		{503EF0F4-7AA0-4EC5-85B2-066C4565BC0C}.Release|x64.ActiveCfg = Release|Any CPU
		{503EF0F4-7AA0-4EC5-85B2-066C4565BC0C}.Release|x64.Build.0 = Release|Any CPU
		{503EF0F4-7AA0-4EC5-85B2-066C4565BC0C}.Release|x86.ActiveCfg = Release|Any CPU
		{503EF0F4-7AA0-4EC5-85B2-066C4565BC0C}.Release|x86.Build.0 = Release|Any CPU
		{A98049DE-C12A-46B7-8EA8-1AF769DEEFCF}.Debug|Any CPU.ActiveCfg = Debug|Any CPU
		{A98049DE-C12A-46B7-8EA8-1AF769DEEFCF}.Debug|Any CPU.Build.0 = Debug|Any CPU
		{A98049DE-C12A-46B7-8EA8-1AF769DEEFCF}.Debug|x64.ActiveCfg = Debug|Any CPU
		{A98049DE-C12A-46B7-8EA8-1AF769DEEFCF}.Debug|x64.Build.0 = Debug|Any CPU
		{A98049DE-C12A-46B7-8EA8-1AF769DEEFCF}.Debug|x86.ActiveCfg = Debug|Any CPU
		{A98049DE-C12A-46B7-8EA8-1AF769DEEFCF}.Debug|x86.Build.0 = Debug|Any CPU
		{A98049DE-C12A-46B7-8EA8-1AF769DEEFCF}.Release|Any CPU.ActiveCfg = Release|Any CPU
		{A98049DE-C12A-46B7-8EA8-1AF769DEEFCF}.Release|Any CPU.Build.0 = Release|Any CPU
		{A98049DE-C12A-46B7-8EA8-1AF769DEEFCF}.Release|x64.ActiveCfg = Release|Any CPU
		{A98049DE-C12A-46B7-8EA8-1AF769DEEFCF}.Release|x64.Build.0 = Release|Any CPU
		{A98049DE-C12A-46B7-8EA8-1AF769DEEFCF}.Release|x86.ActiveCfg = Release|Any CPU
		{A98049DE-C12A-46B7-8EA8-1AF769DEEFCF}.Release|x86.Build.0 = Release|Any CPU
		{3D8C2FAC-F60E-472D-84C4-BC6A977445D8}.Debug|Any CPU.ActiveCfg = Debug|Any CPU
		{3D8C2FAC-F60E-472D-84C4-BC6A977445D8}.Debug|Any CPU.Build.0 = Debug|Any CPU
		{3D8C2FAC-F60E-472D-84C4-BC6A977445D8}.Debug|x64.ActiveCfg = Debug|Any CPU
		{3D8C2FAC-F60E-472D-84C4-BC6A977445D8}.Debug|x64.Build.0 = Debug|Any CPU
		{3D8C2FAC-F60E-472D-84C4-BC6A977445D8}.Debug|x86.ActiveCfg = Debug|Any CPU
		{3D8C2FAC-F60E-472D-84C4-BC6A977445D8}.Debug|x86.Build.0 = Debug|Any CPU
		{3D8C2FAC-F60E-472D-84C4-BC6A977445D8}.Release|Any CPU.ActiveCfg = Release|Any CPU
		{3D8C2FAC-F60E-472D-84C4-BC6A977445D8}.Release|Any CPU.Build.0 = Release|Any CPU
		{3D8C2FAC-F60E-472D-84C4-BC6A977445D8}.Release|x64.ActiveCfg = Release|Any CPU
		{3D8C2FAC-F60E-472D-84C4-BC6A977445D8}.Release|x64.Build.0 = Release|Any CPU
		{3D8C2FAC-F60E-472D-84C4-BC6A977445D8}.Release|x86.ActiveCfg = Release|Any CPU
		{3D8C2FAC-F60E-472D-84C4-BC6A977445D8}.Release|x86.Build.0 = Release|Any CPU
		{DCE8FA24-9EA9-48C1-BF41-A198BED88657}.Debug|Any CPU.ActiveCfg = Debug|Any CPU
		{DCE8FA24-9EA9-48C1-BF41-A198BED88657}.Debug|Any CPU.Build.0 = Debug|Any CPU
		{DCE8FA24-9EA9-48C1-BF41-A198BED88657}.Debug|x64.ActiveCfg = Debug|Any CPU
		{DCE8FA24-9EA9-48C1-BF41-A198BED88657}.Debug|x64.Build.0 = Debug|Any CPU
		{DCE8FA24-9EA9-48C1-BF41-A198BED88657}.Debug|x86.ActiveCfg = Debug|Any CPU
		{DCE8FA24-9EA9-48C1-BF41-A198BED88657}.Debug|x86.Build.0 = Debug|Any CPU
		{DCE8FA24-9EA9-48C1-BF41-A198BED88657}.Release|Any CPU.ActiveCfg = Release|Any CPU
		{DCE8FA24-9EA9-48C1-BF41-A198BED88657}.Release|Any CPU.Build.0 = Release|Any CPU
		{DCE8FA24-9EA9-48C1-BF41-A198BED88657}.Release|x64.ActiveCfg = Release|Any CPU
		{DCE8FA24-9EA9-48C1-BF41-A198BED88657}.Release|x64.Build.0 = Release|Any CPU
		{DCE8FA24-9EA9-48C1-BF41-A198BED88657}.Release|x86.ActiveCfg = Release|Any CPU
		{DCE8FA24-9EA9-48C1-BF41-A198BED88657}.Release|x86.Build.0 = Release|Any CPU
		{E88FDF0A-7754-4D40-9824-879F14D8E4F7}.Debug|Any CPU.ActiveCfg = Debug|Any CPU
		{E88FDF0A-7754-4D40-9824-879F14D8E4F7}.Debug|Any CPU.Build.0 = Debug|Any CPU
		{E88FDF0A-7754-4D40-9824-879F14D8E4F7}.Debug|x64.ActiveCfg = Debug|Any CPU
		{E88FDF0A-7754-4D40-9824-879F14D8E4F7}.Debug|x64.Build.0 = Debug|Any CPU
		{E88FDF0A-7754-4D40-9824-879F14D8E4F7}.Debug|x86.ActiveCfg = Debug|Any CPU
		{E88FDF0A-7754-4D40-9824-879F14D8E4F7}.Debug|x86.Build.0 = Debug|Any CPU
		{E88FDF0A-7754-4D40-9824-879F14D8E4F7}.Release|Any CPU.ActiveCfg = Release|Any CPU
		{E88FDF0A-7754-4D40-9824-879F14D8E4F7}.Release|Any CPU.Build.0 = Release|Any CPU
		{E88FDF0A-7754-4D40-9824-879F14D8E4F7}.Release|x64.ActiveCfg = Release|Any CPU
		{E88FDF0A-7754-4D40-9824-879F14D8E4F7}.Release|x64.Build.0 = Release|Any CPU
		{E88FDF0A-7754-4D40-9824-879F14D8E4F7}.Release|x86.ActiveCfg = Release|Any CPU
		{E88FDF0A-7754-4D40-9824-879F14D8E4F7}.Release|x86.Build.0 = Release|Any CPU
		{AEBAA2D9-BD44-48F9-89C4-DA917D77076D}.Debug|Any CPU.ActiveCfg = Debug|Any CPU
		{AEBAA2D9-BD44-48F9-89C4-DA917D77076D}.Debug|Any CPU.Build.0 = Debug|Any CPU
		{AEBAA2D9-BD44-48F9-89C4-DA917D77076D}.Debug|x64.ActiveCfg = Debug|Any CPU
		{AEBAA2D9-BD44-48F9-89C4-DA917D77076D}.Debug|x64.Build.0 = Debug|Any CPU
		{AEBAA2D9-BD44-48F9-89C4-DA917D77076D}.Debug|x86.ActiveCfg = Debug|Any CPU
		{AEBAA2D9-BD44-48F9-89C4-DA917D77076D}.Debug|x86.Build.0 = Debug|Any CPU
		{AEBAA2D9-BD44-48F9-89C4-DA917D77076D}.Release|Any CPU.ActiveCfg = Release|Any CPU
		{AEBAA2D9-BD44-48F9-89C4-DA917D77076D}.Release|Any CPU.Build.0 = Release|Any CPU
		{AEBAA2D9-BD44-48F9-89C4-DA917D77076D}.Release|x64.ActiveCfg = Release|Any CPU
		{AEBAA2D9-BD44-48F9-89C4-DA917D77076D}.Release|x64.Build.0 = Release|Any CPU
		{AEBAA2D9-BD44-48F9-89C4-DA917D77076D}.Release|x86.ActiveCfg = Release|Any CPU
		{AEBAA2D9-BD44-48F9-89C4-DA917D77076D}.Release|x86.Build.0 = Release|Any CPU
		{F9540589-7C06-4149-AEB2-CAD5415B2B71}.Debug|Any CPU.ActiveCfg = Debug|Any CPU
		{F9540589-7C06-4149-AEB2-CAD5415B2B71}.Debug|Any CPU.Build.0 = Debug|Any CPU
		{F9540589-7C06-4149-AEB2-CAD5415B2B71}.Debug|x64.ActiveCfg = Debug|Any CPU
		{F9540589-7C06-4149-AEB2-CAD5415B2B71}.Debug|x64.Build.0 = Debug|Any CPU
		{F9540589-7C06-4149-AEB2-CAD5415B2B71}.Debug|x86.ActiveCfg = Debug|Any CPU
		{F9540589-7C06-4149-AEB2-CAD5415B2B71}.Debug|x86.Build.0 = Debug|Any CPU
		{F9540589-7C06-4149-AEB2-CAD5415B2B71}.Release|Any CPU.ActiveCfg = Release|Any CPU
		{F9540589-7C06-4149-AEB2-CAD5415B2B71}.Release|Any CPU.Build.0 = Release|Any CPU
		{F9540589-7C06-4149-AEB2-CAD5415B2B71}.Release|x64.ActiveCfg = Release|Any CPU
		{F9540589-7C06-4149-AEB2-CAD5415B2B71}.Release|x64.Build.0 = Release|Any CPU
		{F9540589-7C06-4149-AEB2-CAD5415B2B71}.Release|x86.ActiveCfg = Release|Any CPU
		{F9540589-7C06-4149-AEB2-CAD5415B2B71}.Release|x86.Build.0 = Release|Any CPU
		{E3420AD9-B707-4D67-B78B-33C44ECCAC12}.Debug|Any CPU.ActiveCfg = Debug|Any CPU
		{E3420AD9-B707-4D67-B78B-33C44ECCAC12}.Debug|Any CPU.Build.0 = Debug|Any CPU
		{E3420AD9-B707-4D67-B78B-33C44ECCAC12}.Debug|x64.ActiveCfg = Debug|Any CPU
		{E3420AD9-B707-4D67-B78B-33C44ECCAC12}.Debug|x64.Build.0 = Debug|Any CPU
		{E3420AD9-B707-4D67-B78B-33C44ECCAC12}.Debug|x86.ActiveCfg = Debug|Any CPU
		{E3420AD9-B707-4D67-B78B-33C44ECCAC12}.Debug|x86.Build.0 = Debug|Any CPU
		{E3420AD9-B707-4D67-B78B-33C44ECCAC12}.Release|Any CPU.ActiveCfg = Release|Any CPU
		{E3420AD9-B707-4D67-B78B-33C44ECCAC12}.Release|Any CPU.Build.0 = Release|Any CPU
		{E3420AD9-B707-4D67-B78B-33C44ECCAC12}.Release|x64.ActiveCfg = Release|Any CPU
		{E3420AD9-B707-4D67-B78B-33C44ECCAC12}.Release|x64.Build.0 = Release|Any CPU
		{E3420AD9-B707-4D67-B78B-33C44ECCAC12}.Release|x86.ActiveCfg = Release|Any CPU
		{E3420AD9-B707-4D67-B78B-33C44ECCAC12}.Release|x86.Build.0 = Release|Any CPU
		{4A93344B-F408-4A0E-A1D8-04F92995729D}.Debug|Any CPU.ActiveCfg = Debug|Any CPU
		{4A93344B-F408-4A0E-A1D8-04F92995729D}.Debug|Any CPU.Build.0 = Debug|Any CPU
		{4A93344B-F408-4A0E-A1D8-04F92995729D}.Debug|x64.ActiveCfg = Debug|Any CPU
		{4A93344B-F408-4A0E-A1D8-04F92995729D}.Debug|x64.Build.0 = Debug|Any CPU
		{4A93344B-F408-4A0E-A1D8-04F92995729D}.Debug|x86.ActiveCfg = Debug|Any CPU
		{4A93344B-F408-4A0E-A1D8-04F92995729D}.Debug|x86.Build.0 = Debug|Any CPU
		{4A93344B-F408-4A0E-A1D8-04F92995729D}.Release|Any CPU.ActiveCfg = Release|Any CPU
		{4A93344B-F408-4A0E-A1D8-04F92995729D}.Release|Any CPU.Build.0 = Release|Any CPU
		{4A93344B-F408-4A0E-A1D8-04F92995729D}.Release|x64.ActiveCfg = Release|Any CPU
		{4A93344B-F408-4A0E-A1D8-04F92995729D}.Release|x64.Build.0 = Release|Any CPU
		{4A93344B-F408-4A0E-A1D8-04F92995729D}.Release|x86.ActiveCfg = Release|Any CPU
		{4A93344B-F408-4A0E-A1D8-04F92995729D}.Release|x86.Build.0 = Release|Any CPU
		{77326FDF-D1E8-403F-A8AC-F1843E356FD2}.Debug|Any CPU.ActiveCfg = Debug|Any CPU
		{77326FDF-D1E8-403F-A8AC-F1843E356FD2}.Debug|Any CPU.Build.0 = Debug|Any CPU
		{77326FDF-D1E8-403F-A8AC-F1843E356FD2}.Debug|x64.ActiveCfg = Debug|Any CPU
		{77326FDF-D1E8-403F-A8AC-F1843E356FD2}.Debug|x64.Build.0 = Debug|Any CPU
		{77326FDF-D1E8-403F-A8AC-F1843E356FD2}.Debug|x86.ActiveCfg = Debug|Any CPU
		{77326FDF-D1E8-403F-A8AC-F1843E356FD2}.Debug|x86.Build.0 = Debug|Any CPU
		{77326FDF-D1E8-403F-A8AC-F1843E356FD2}.Release|Any CPU.ActiveCfg = Release|Any CPU
		{77326FDF-D1E8-403F-A8AC-F1843E356FD2}.Release|Any CPU.Build.0 = Release|Any CPU
		{77326FDF-D1E8-403F-A8AC-F1843E356FD2}.Release|x64.ActiveCfg = Release|Any CPU
		{77326FDF-D1E8-403F-A8AC-F1843E356FD2}.Release|x64.Build.0 = Release|Any CPU
		{77326FDF-D1E8-403F-A8AC-F1843E356FD2}.Release|x86.ActiveCfg = Release|Any CPU
		{77326FDF-D1E8-403F-A8AC-F1843E356FD2}.Release|x86.Build.0 = Release|Any CPU
		{A063C86C-6924-4668-BC16-2638C2F4E9FC}.Debug|Any CPU.ActiveCfg = Debug|Any CPU
		{A063C86C-6924-4668-BC16-2638C2F4E9FC}.Debug|Any CPU.Build.0 = Debug|Any CPU
		{A063C86C-6924-4668-BC16-2638C2F4E9FC}.Debug|x64.ActiveCfg = Debug|Any CPU
		{A063C86C-6924-4668-BC16-2638C2F4E9FC}.Debug|x64.Build.0 = Debug|Any CPU
		{A063C86C-6924-4668-BC16-2638C2F4E9FC}.Debug|x86.ActiveCfg = Debug|Any CPU
		{A063C86C-6924-4668-BC16-2638C2F4E9FC}.Debug|x86.Build.0 = Debug|Any CPU
		{A063C86C-6924-4668-BC16-2638C2F4E9FC}.Release|Any CPU.ActiveCfg = Release|Any CPU
		{A063C86C-6924-4668-BC16-2638C2F4E9FC}.Release|Any CPU.Build.0 = Release|Any CPU
		{A063C86C-6924-4668-BC16-2638C2F4E9FC}.Release|x64.ActiveCfg = Release|Any CPU
		{A063C86C-6924-4668-BC16-2638C2F4E9FC}.Release|x64.Build.0 = Release|Any CPU
		{A063C86C-6924-4668-BC16-2638C2F4E9FC}.Release|x86.ActiveCfg = Release|Any CPU
		{A063C86C-6924-4668-BC16-2638C2F4E9FC}.Release|x86.Build.0 = Release|Any CPU
		{C71930AE-FA13-4B05-803E-2FB5CD81DD94}.Debug|Any CPU.ActiveCfg = Debug|Any CPU
		{C71930AE-FA13-4B05-803E-2FB5CD81DD94}.Debug|Any CPU.Build.0 = Debug|Any CPU
		{C71930AE-FA13-4B05-803E-2FB5CD81DD94}.Debug|x64.ActiveCfg = Debug|Any CPU
		{C71930AE-FA13-4B05-803E-2FB5CD81DD94}.Debug|x64.Build.0 = Debug|Any CPU
		{C71930AE-FA13-4B05-803E-2FB5CD81DD94}.Debug|x86.ActiveCfg = Debug|Any CPU
		{C71930AE-FA13-4B05-803E-2FB5CD81DD94}.Debug|x86.Build.0 = Debug|Any CPU
		{C71930AE-FA13-4B05-803E-2FB5CD81DD94}.Release|Any CPU.ActiveCfg = Release|Any CPU
		{C71930AE-FA13-4B05-803E-2FB5CD81DD94}.Release|Any CPU.Build.0 = Release|Any CPU
		{C71930AE-FA13-4B05-803E-2FB5CD81DD94}.Release|x64.ActiveCfg = Release|Any CPU
		{C71930AE-FA13-4B05-803E-2FB5CD81DD94}.Release|x64.Build.0 = Release|Any CPU
		{C71930AE-FA13-4B05-803E-2FB5CD81DD94}.Release|x86.ActiveCfg = Release|Any CPU
		{C71930AE-FA13-4B05-803E-2FB5CD81DD94}.Release|x86.Build.0 = Release|Any CPU
		{70CC7964-B247-4A00-B2CE-8523A05B9E9C}.Debug|Any CPU.ActiveCfg = Debug|Any CPU
		{70CC7964-B247-4A00-B2CE-8523A05B9E9C}.Debug|Any CPU.Build.0 = Debug|Any CPU
		{70CC7964-B247-4A00-B2CE-8523A05B9E9C}.Debug|x64.ActiveCfg = Debug|Any CPU
		{70CC7964-B247-4A00-B2CE-8523A05B9E9C}.Debug|x64.Build.0 = Debug|Any CPU
		{70CC7964-B247-4A00-B2CE-8523A05B9E9C}.Debug|x86.ActiveCfg = Debug|Any CPU
		{70CC7964-B247-4A00-B2CE-8523A05B9E9C}.Debug|x86.Build.0 = Debug|Any CPU
		{70CC7964-B247-4A00-B2CE-8523A05B9E9C}.Release|Any CPU.ActiveCfg = Release|Any CPU
		{70CC7964-B247-4A00-B2CE-8523A05B9E9C}.Release|Any CPU.Build.0 = Release|Any CPU
		{70CC7964-B247-4A00-B2CE-8523A05B9E9C}.Release|x64.ActiveCfg = Release|Any CPU
		{70CC7964-B247-4A00-B2CE-8523A05B9E9C}.Release|x64.Build.0 = Release|Any CPU
		{70CC7964-B247-4A00-B2CE-8523A05B9E9C}.Release|x86.ActiveCfg = Release|Any CPU
		{70CC7964-B247-4A00-B2CE-8523A05B9E9C}.Release|x86.Build.0 = Release|Any CPU
		{1FC1DA32-3BDD-4DCE-A537-61634057872F}.Debug|Any CPU.ActiveCfg = Debug|Any CPU
		{1FC1DA32-3BDD-4DCE-A537-61634057872F}.Debug|Any CPU.Build.0 = Debug|Any CPU
		{1FC1DA32-3BDD-4DCE-A537-61634057872F}.Debug|x64.ActiveCfg = Debug|Any CPU
		{1FC1DA32-3BDD-4DCE-A537-61634057872F}.Debug|x64.Build.0 = Debug|Any CPU
		{1FC1DA32-3BDD-4DCE-A537-61634057872F}.Debug|x86.ActiveCfg = Debug|Any CPU
		{1FC1DA32-3BDD-4DCE-A537-61634057872F}.Debug|x86.Build.0 = Debug|Any CPU
		{1FC1DA32-3BDD-4DCE-A537-61634057872F}.Release|Any CPU.ActiveCfg = Release|Any CPU
		{1FC1DA32-3BDD-4DCE-A537-61634057872F}.Release|Any CPU.Build.0 = Release|Any CPU
		{1FC1DA32-3BDD-4DCE-A537-61634057872F}.Release|x64.ActiveCfg = Release|Any CPU
		{1FC1DA32-3BDD-4DCE-A537-61634057872F}.Release|x64.Build.0 = Release|Any CPU
		{1FC1DA32-3BDD-4DCE-A537-61634057872F}.Release|x86.ActiveCfg = Release|Any CPU
		{1FC1DA32-3BDD-4DCE-A537-61634057872F}.Release|x86.Build.0 = Release|Any CPU
		{9F36F5ED-7237-4424-A813-90F3955A8510}.Debug|Any CPU.ActiveCfg = Debug|Any CPU
		{9F36F5ED-7237-4424-A813-90F3955A8510}.Debug|Any CPU.Build.0 = Debug|Any CPU
		{9F36F5ED-7237-4424-A813-90F3955A8510}.Debug|x64.ActiveCfg = Debug|Any CPU
		{9F36F5ED-7237-4424-A813-90F3955A8510}.Debug|x64.Build.0 = Debug|Any CPU
		{9F36F5ED-7237-4424-A813-90F3955A8510}.Debug|x86.ActiveCfg = Debug|Any CPU
		{9F36F5ED-7237-4424-A813-90F3955A8510}.Debug|x86.Build.0 = Debug|Any CPU
		{9F36F5ED-7237-4424-A813-90F3955A8510}.Release|Any CPU.ActiveCfg = Release|Any CPU
		{9F36F5ED-7237-4424-A813-90F3955A8510}.Release|Any CPU.Build.0 = Release|Any CPU
		{9F36F5ED-7237-4424-A813-90F3955A8510}.Release|x64.ActiveCfg = Release|Any CPU
		{9F36F5ED-7237-4424-A813-90F3955A8510}.Release|x64.Build.0 = Release|Any CPU
		{9F36F5ED-7237-4424-A813-90F3955A8510}.Release|x86.ActiveCfg = Release|Any CPU
		{9F36F5ED-7237-4424-A813-90F3955A8510}.Release|x86.Build.0 = Release|Any CPU
		{FBDF8591-C4CE-4633-BFAC-990D5383A3EE}.Debug|Any CPU.ActiveCfg = Debug|Any CPU
		{FBDF8591-C4CE-4633-BFAC-990D5383A3EE}.Debug|Any CPU.Build.0 = Debug|Any CPU
		{FBDF8591-C4CE-4633-BFAC-990D5383A3EE}.Debug|x64.ActiveCfg = Debug|Any CPU
		{FBDF8591-C4CE-4633-BFAC-990D5383A3EE}.Debug|x64.Build.0 = Debug|Any CPU
		{FBDF8591-C4CE-4633-BFAC-990D5383A3EE}.Debug|x86.ActiveCfg = Debug|Any CPU
		{FBDF8591-C4CE-4633-BFAC-990D5383A3EE}.Debug|x86.Build.0 = Debug|Any CPU
		{FBDF8591-C4CE-4633-BFAC-990D5383A3EE}.Release|Any CPU.ActiveCfg = Release|Any CPU
		{FBDF8591-C4CE-4633-BFAC-990D5383A3EE}.Release|Any CPU.Build.0 = Release|Any CPU
		{FBDF8591-C4CE-4633-BFAC-990D5383A3EE}.Release|x64.ActiveCfg = Release|Any CPU
		{FBDF8591-C4CE-4633-BFAC-990D5383A3EE}.Release|x64.Build.0 = Release|Any CPU
		{FBDF8591-C4CE-4633-BFAC-990D5383A3EE}.Release|x86.ActiveCfg = Release|Any CPU
		{FBDF8591-C4CE-4633-BFAC-990D5383A3EE}.Release|x86.Build.0 = Release|Any CPU
		{9649D10D-6703-432E-8F6B-60760CFF54BF}.Debug|Any CPU.ActiveCfg = Debug|Any CPU
		{9649D10D-6703-432E-8F6B-60760CFF54BF}.Debug|Any CPU.Build.0 = Debug|Any CPU
		{9649D10D-6703-432E-8F6B-60760CFF54BF}.Debug|x64.ActiveCfg = Debug|Any CPU
		{9649D10D-6703-432E-8F6B-60760CFF54BF}.Debug|x64.Build.0 = Debug|Any CPU
		{9649D10D-6703-432E-8F6B-60760CFF54BF}.Debug|x86.ActiveCfg = Debug|Any CPU
		{9649D10D-6703-432E-8F6B-60760CFF54BF}.Debug|x86.Build.0 = Debug|Any CPU
		{9649D10D-6703-432E-8F6B-60760CFF54BF}.Release|Any CPU.ActiveCfg = Release|Any CPU
		{9649D10D-6703-432E-8F6B-60760CFF54BF}.Release|Any CPU.Build.0 = Release|Any CPU
		{9649D10D-6703-432E-8F6B-60760CFF54BF}.Release|x64.ActiveCfg = Release|Any CPU
		{9649D10D-6703-432E-8F6B-60760CFF54BF}.Release|x64.Build.0 = Release|Any CPU
		{9649D10D-6703-432E-8F6B-60760CFF54BF}.Release|x86.ActiveCfg = Release|Any CPU
		{9649D10D-6703-432E-8F6B-60760CFF54BF}.Release|x86.Build.0 = Release|Any CPU
		{055A23B9-FFEE-4211-9208-0E8E4ABB3262}.Debug|Any CPU.ActiveCfg = Debug|Any CPU
		{055A23B9-FFEE-4211-9208-0E8E4ABB3262}.Debug|Any CPU.Build.0 = Debug|Any CPU
		{055A23B9-FFEE-4211-9208-0E8E4ABB3262}.Debug|x64.ActiveCfg = Debug|Any CPU
		{055A23B9-FFEE-4211-9208-0E8E4ABB3262}.Debug|x64.Build.0 = Debug|Any CPU
		{055A23B9-FFEE-4211-9208-0E8E4ABB3262}.Debug|x86.ActiveCfg = Debug|Any CPU
		{055A23B9-FFEE-4211-9208-0E8E4ABB3262}.Debug|x86.Build.0 = Debug|Any CPU
		{055A23B9-FFEE-4211-9208-0E8E4ABB3262}.Release|Any CPU.ActiveCfg = Release|Any CPU
		{055A23B9-FFEE-4211-9208-0E8E4ABB3262}.Release|Any CPU.Build.0 = Release|Any CPU
		{055A23B9-FFEE-4211-9208-0E8E4ABB3262}.Release|x64.ActiveCfg = Release|Any CPU
		{055A23B9-FFEE-4211-9208-0E8E4ABB3262}.Release|x64.Build.0 = Release|Any CPU
		{055A23B9-FFEE-4211-9208-0E8E4ABB3262}.Release|x86.ActiveCfg = Release|Any CPU
		{055A23B9-FFEE-4211-9208-0E8E4ABB3262}.Release|x86.Build.0 = Release|Any CPU
		{AC0FE5FD-7724-46F6-A2A4-5FCF093848C3}.Debug|Any CPU.ActiveCfg = Debug|Any CPU
		{AC0FE5FD-7724-46F6-A2A4-5FCF093848C3}.Debug|Any CPU.Build.0 = Debug|Any CPU
		{AC0FE5FD-7724-46F6-A2A4-5FCF093848C3}.Debug|x64.ActiveCfg = Debug|Any CPU
		{AC0FE5FD-7724-46F6-A2A4-5FCF093848C3}.Debug|x64.Build.0 = Debug|Any CPU
		{AC0FE5FD-7724-46F6-A2A4-5FCF093848C3}.Debug|x86.ActiveCfg = Debug|Any CPU
		{AC0FE5FD-7724-46F6-A2A4-5FCF093848C3}.Debug|x86.Build.0 = Debug|Any CPU
		{AC0FE5FD-7724-46F6-A2A4-5FCF093848C3}.Release|Any CPU.ActiveCfg = Release|Any CPU
		{AC0FE5FD-7724-46F6-A2A4-5FCF093848C3}.Release|Any CPU.Build.0 = Release|Any CPU
		{AC0FE5FD-7724-46F6-A2A4-5FCF093848C3}.Release|x64.ActiveCfg = Release|Any CPU
		{AC0FE5FD-7724-46F6-A2A4-5FCF093848C3}.Release|x64.Build.0 = Release|Any CPU
		{AC0FE5FD-7724-46F6-A2A4-5FCF093848C3}.Release|x86.ActiveCfg = Release|Any CPU
		{AC0FE5FD-7724-46F6-A2A4-5FCF093848C3}.Release|x86.Build.0 = Release|Any CPU
		{3E1AE988-620B-4D40-BF65-849E90AFC473}.Debug|Any CPU.ActiveCfg = Debug|Any CPU
		{3E1AE988-620B-4D40-BF65-849E90AFC473}.Debug|Any CPU.Build.0 = Debug|Any CPU
		{3E1AE988-620B-4D40-BF65-849E90AFC473}.Debug|x64.ActiveCfg = Debug|Any CPU
		{3E1AE988-620B-4D40-BF65-849E90AFC473}.Debug|x64.Build.0 = Debug|Any CPU
		{3E1AE988-620B-4D40-BF65-849E90AFC473}.Debug|x86.ActiveCfg = Debug|Any CPU
		{3E1AE988-620B-4D40-BF65-849E90AFC473}.Debug|x86.Build.0 = Debug|Any CPU
		{3E1AE988-620B-4D40-BF65-849E90AFC473}.Release|Any CPU.ActiveCfg = Release|Any CPU
		{3E1AE988-620B-4D40-BF65-849E90AFC473}.Release|Any CPU.Build.0 = Release|Any CPU
		{3E1AE988-620B-4D40-BF65-849E90AFC473}.Release|x64.ActiveCfg = Release|Any CPU
		{3E1AE988-620B-4D40-BF65-849E90AFC473}.Release|x64.Build.0 = Release|Any CPU
		{3E1AE988-620B-4D40-BF65-849E90AFC473}.Release|x86.ActiveCfg = Release|Any CPU
		{3E1AE988-620B-4D40-BF65-849E90AFC473}.Release|x86.Build.0 = Release|Any CPU
		{4B25DB5C-DE37-4966-B570-A2FD3CBD2A18}.Debug|Any CPU.ActiveCfg = Debug|Any CPU
		{4B25DB5C-DE37-4966-B570-A2FD3CBD2A18}.Debug|Any CPU.Build.0 = Debug|Any CPU
		{4B25DB5C-DE37-4966-B570-A2FD3CBD2A18}.Debug|x64.ActiveCfg = Debug|Any CPU
		{4B25DB5C-DE37-4966-B570-A2FD3CBD2A18}.Debug|x64.Build.0 = Debug|Any CPU
		{4B25DB5C-DE37-4966-B570-A2FD3CBD2A18}.Debug|x86.ActiveCfg = Debug|Any CPU
		{4B25DB5C-DE37-4966-B570-A2FD3CBD2A18}.Debug|x86.Build.0 = Debug|Any CPU
		{4B25DB5C-DE37-4966-B570-A2FD3CBD2A18}.Release|Any CPU.ActiveCfg = Release|Any CPU
		{4B25DB5C-DE37-4966-B570-A2FD3CBD2A18}.Release|Any CPU.Build.0 = Release|Any CPU
		{4B25DB5C-DE37-4966-B570-A2FD3CBD2A18}.Release|x64.ActiveCfg = Release|Any CPU
		{4B25DB5C-DE37-4966-B570-A2FD3CBD2A18}.Release|x64.Build.0 = Release|Any CPU
		{4B25DB5C-DE37-4966-B570-A2FD3CBD2A18}.Release|x86.ActiveCfg = Release|Any CPU
		{4B25DB5C-DE37-4966-B570-A2FD3CBD2A18}.Release|x86.Build.0 = Release|Any CPU
		{924FB87B-5265-438B-980B-B72CBDE9CB78}.Debug|Any CPU.ActiveCfg = Debug|Any CPU
		{924FB87B-5265-438B-980B-B72CBDE9CB78}.Debug|Any CPU.Build.0 = Debug|Any CPU
		{924FB87B-5265-438B-980B-B72CBDE9CB78}.Debug|x64.ActiveCfg = Debug|Any CPU
		{924FB87B-5265-438B-980B-B72CBDE9CB78}.Debug|x64.Build.0 = Debug|Any CPU
		{924FB87B-5265-438B-980B-B72CBDE9CB78}.Debug|x86.ActiveCfg = Debug|Any CPU
		{924FB87B-5265-438B-980B-B72CBDE9CB78}.Debug|x86.Build.0 = Debug|Any CPU
		{924FB87B-5265-438B-980B-B72CBDE9CB78}.Release|Any CPU.ActiveCfg = Release|Any CPU
		{924FB87B-5265-438B-980B-B72CBDE9CB78}.Release|Any CPU.Build.0 = Release|Any CPU
		{924FB87B-5265-438B-980B-B72CBDE9CB78}.Release|x64.ActiveCfg = Release|Any CPU
		{924FB87B-5265-438B-980B-B72CBDE9CB78}.Release|x64.Build.0 = Release|Any CPU
		{924FB87B-5265-438B-980B-B72CBDE9CB78}.Release|x86.ActiveCfg = Release|Any CPU
		{924FB87B-5265-438B-980B-B72CBDE9CB78}.Release|x86.Build.0 = Release|Any CPU
		{72E72980-1DC8-4B13-A3D1-3DFCC91D47CA}.Debug|Any CPU.ActiveCfg = Debug|Any CPU
		{72E72980-1DC8-4B13-A3D1-3DFCC91D47CA}.Debug|Any CPU.Build.0 = Debug|Any CPU
		{72E72980-1DC8-4B13-A3D1-3DFCC91D47CA}.Debug|x64.ActiveCfg = Debug|Any CPU
		{72E72980-1DC8-4B13-A3D1-3DFCC91D47CA}.Debug|x64.Build.0 = Debug|Any CPU
		{72E72980-1DC8-4B13-A3D1-3DFCC91D47CA}.Debug|x86.ActiveCfg = Debug|Any CPU
		{72E72980-1DC8-4B13-A3D1-3DFCC91D47CA}.Debug|x86.Build.0 = Debug|Any CPU
		{72E72980-1DC8-4B13-A3D1-3DFCC91D47CA}.Release|Any CPU.ActiveCfg = Release|Any CPU
		{72E72980-1DC8-4B13-A3D1-3DFCC91D47CA}.Release|Any CPU.Build.0 = Release|Any CPU
		{72E72980-1DC8-4B13-A3D1-3DFCC91D47CA}.Release|x64.ActiveCfg = Release|Any CPU
		{72E72980-1DC8-4B13-A3D1-3DFCC91D47CA}.Release|x64.Build.0 = Release|Any CPU
		{72E72980-1DC8-4B13-A3D1-3DFCC91D47CA}.Release|x86.ActiveCfg = Release|Any CPU
		{72E72980-1DC8-4B13-A3D1-3DFCC91D47CA}.Release|x86.Build.0 = Release|Any CPU
		{A227C3F4-FB43-4BBE-BAD6-1D92A626F083}.Debug|Any CPU.ActiveCfg = Debug|Any CPU
		{A227C3F4-FB43-4BBE-BAD6-1D92A626F083}.Debug|Any CPU.Build.0 = Debug|Any CPU
		{A227C3F4-FB43-4BBE-BAD6-1D92A626F083}.Debug|x64.ActiveCfg = Debug|Any CPU
		{A227C3F4-FB43-4BBE-BAD6-1D92A626F083}.Debug|x64.Build.0 = Debug|Any CPU
		{A227C3F4-FB43-4BBE-BAD6-1D92A626F083}.Debug|x86.ActiveCfg = Debug|Any CPU
		{A227C3F4-FB43-4BBE-BAD6-1D92A626F083}.Debug|x86.Build.0 = Debug|Any CPU
		{A227C3F4-FB43-4BBE-BAD6-1D92A626F083}.Release|Any CPU.ActiveCfg = Release|Any CPU
		{A227C3F4-FB43-4BBE-BAD6-1D92A626F083}.Release|Any CPU.Build.0 = Release|Any CPU
		{A227C3F4-FB43-4BBE-BAD6-1D92A626F083}.Release|x64.ActiveCfg = Release|Any CPU
		{A227C3F4-FB43-4BBE-BAD6-1D92A626F083}.Release|x64.Build.0 = Release|Any CPU
		{A227C3F4-FB43-4BBE-BAD6-1D92A626F083}.Release|x86.ActiveCfg = Release|Any CPU
		{A227C3F4-FB43-4BBE-BAD6-1D92A626F083}.Release|x86.Build.0 = Release|Any CPU
		{05AF6779-09C7-4929-894E-B84F1DF5F6D3}.Debug|Any CPU.ActiveCfg = Debug|Any CPU
		{05AF6779-09C7-4929-894E-B84F1DF5F6D3}.Debug|Any CPU.Build.0 = Debug|Any CPU
		{05AF6779-09C7-4929-894E-B84F1DF5F6D3}.Debug|x64.ActiveCfg = Debug|Any CPU
		{05AF6779-09C7-4929-894E-B84F1DF5F6D3}.Debug|x64.Build.0 = Debug|Any CPU
		{05AF6779-09C7-4929-894E-B84F1DF5F6D3}.Debug|x86.ActiveCfg = Debug|Any CPU
		{05AF6779-09C7-4929-894E-B84F1DF5F6D3}.Debug|x86.Build.0 = Debug|Any CPU
		{05AF6779-09C7-4929-894E-B84F1DF5F6D3}.Release|Any CPU.ActiveCfg = Release|Any CPU
		{05AF6779-09C7-4929-894E-B84F1DF5F6D3}.Release|Any CPU.Build.0 = Release|Any CPU
		{05AF6779-09C7-4929-894E-B84F1DF5F6D3}.Release|x64.ActiveCfg = Release|Any CPU
		{05AF6779-09C7-4929-894E-B84F1DF5F6D3}.Release|x64.Build.0 = Release|Any CPU
		{05AF6779-09C7-4929-894E-B84F1DF5F6D3}.Release|x86.ActiveCfg = Release|Any CPU
		{05AF6779-09C7-4929-894E-B84F1DF5F6D3}.Release|x86.Build.0 = Release|Any CPU
		{CF6DA40F-51F5-45BF-B633-E3E311DAC93A}.Debug|Any CPU.ActiveCfg = Debug|Any CPU
		{CF6DA40F-51F5-45BF-B633-E3E311DAC93A}.Debug|Any CPU.Build.0 = Debug|Any CPU
		{CF6DA40F-51F5-45BF-B633-E3E311DAC93A}.Debug|x64.ActiveCfg = Debug|Any CPU
		{CF6DA40F-51F5-45BF-B633-E3E311DAC93A}.Debug|x64.Build.0 = Debug|Any CPU
		{CF6DA40F-51F5-45BF-B633-E3E311DAC93A}.Debug|x86.ActiveCfg = Debug|Any CPU
		{CF6DA40F-51F5-45BF-B633-E3E311DAC93A}.Debug|x86.Build.0 = Debug|Any CPU
		{CF6DA40F-51F5-45BF-B633-E3E311DAC93A}.Release|Any CPU.ActiveCfg = Release|Any CPU
		{CF6DA40F-51F5-45BF-B633-E3E311DAC93A}.Release|Any CPU.Build.0 = Release|Any CPU
		{CF6DA40F-51F5-45BF-B633-E3E311DAC93A}.Release|x64.ActiveCfg = Release|Any CPU
		{CF6DA40F-51F5-45BF-B633-E3E311DAC93A}.Release|x64.Build.0 = Release|Any CPU
		{CF6DA40F-51F5-45BF-B633-E3E311DAC93A}.Release|x86.ActiveCfg = Release|Any CPU
		{CF6DA40F-51F5-45BF-B633-E3E311DAC93A}.Release|x86.Build.0 = Release|Any CPU
		{4968127E-7A66-43A4-A355-E13673BAC023}.Debug|Any CPU.ActiveCfg = Debug|Any CPU
		{4968127E-7A66-43A4-A355-E13673BAC023}.Debug|Any CPU.Build.0 = Debug|Any CPU
		{4968127E-7A66-43A4-A355-E13673BAC023}.Debug|x64.ActiveCfg = Debug|Any CPU
		{4968127E-7A66-43A4-A355-E13673BAC023}.Debug|x64.Build.0 = Debug|Any CPU
		{4968127E-7A66-43A4-A355-E13673BAC023}.Debug|x86.ActiveCfg = Debug|Any CPU
		{4968127E-7A66-43A4-A355-E13673BAC023}.Debug|x86.Build.0 = Debug|Any CPU
		{4968127E-7A66-43A4-A355-E13673BAC023}.Release|Any CPU.ActiveCfg = Release|Any CPU
		{4968127E-7A66-43A4-A355-E13673BAC023}.Release|Any CPU.Build.0 = Release|Any CPU
		{4968127E-7A66-43A4-A355-E13673BAC023}.Release|x64.ActiveCfg = Release|Any CPU
		{4968127E-7A66-43A4-A355-E13673BAC023}.Release|x64.Build.0 = Release|Any CPU
		{4968127E-7A66-43A4-A355-E13673BAC023}.Release|x86.ActiveCfg = Release|Any CPU
		{4968127E-7A66-43A4-A355-E13673BAC023}.Release|x86.Build.0 = Release|Any CPU
		{A70914F3-0029-49D1-B451-6510C8B145D0}.Debug|Any CPU.ActiveCfg = Debug|Any CPU
		{A70914F3-0029-49D1-B451-6510C8B145D0}.Debug|Any CPU.Build.0 = Debug|Any CPU
		{A70914F3-0029-49D1-B451-6510C8B145D0}.Debug|x64.ActiveCfg = Debug|Any CPU
		{A70914F3-0029-49D1-B451-6510C8B145D0}.Debug|x64.Build.0 = Debug|Any CPU
		{A70914F3-0029-49D1-B451-6510C8B145D0}.Debug|x86.ActiveCfg = Debug|Any CPU
		{A70914F3-0029-49D1-B451-6510C8B145D0}.Debug|x86.Build.0 = Debug|Any CPU
		{A70914F3-0029-49D1-B451-6510C8B145D0}.Release|Any CPU.ActiveCfg = Release|Any CPU
		{A70914F3-0029-49D1-B451-6510C8B145D0}.Release|Any CPU.Build.0 = Release|Any CPU
		{A70914F3-0029-49D1-B451-6510C8B145D0}.Release|x64.ActiveCfg = Release|Any CPU
		{A70914F3-0029-49D1-B451-6510C8B145D0}.Release|x64.Build.0 = Release|Any CPU
		{A70914F3-0029-49D1-B451-6510C8B145D0}.Release|x86.ActiveCfg = Release|Any CPU
		{A70914F3-0029-49D1-B451-6510C8B145D0}.Release|x86.Build.0 = Release|Any CPU
		{C0FE45FD-DFEE-4DD4-9091-5D283CF853B2}.Debug|Any CPU.ActiveCfg = Debug|Any CPU
		{C0FE45FD-DFEE-4DD4-9091-5D283CF853B2}.Debug|Any CPU.Build.0 = Debug|Any CPU
		{C0FE45FD-DFEE-4DD4-9091-5D283CF853B2}.Debug|x64.ActiveCfg = Debug|Any CPU
		{C0FE45FD-DFEE-4DD4-9091-5D283CF853B2}.Debug|x64.Build.0 = Debug|Any CPU
		{C0FE45FD-DFEE-4DD4-9091-5D283CF853B2}.Debug|x86.ActiveCfg = Debug|Any CPU
		{C0FE45FD-DFEE-4DD4-9091-5D283CF853B2}.Debug|x86.Build.0 = Debug|Any CPU
		{C0FE45FD-DFEE-4DD4-9091-5D283CF853B2}.Release|Any CPU.ActiveCfg = Release|Any CPU
		{C0FE45FD-DFEE-4DD4-9091-5D283CF853B2}.Release|Any CPU.Build.0 = Release|Any CPU
		{C0FE45FD-DFEE-4DD4-9091-5D283CF853B2}.Release|x64.ActiveCfg = Release|Any CPU
		{C0FE45FD-DFEE-4DD4-9091-5D283CF853B2}.Release|x64.Build.0 = Release|Any CPU
		{C0FE45FD-DFEE-4DD4-9091-5D283CF853B2}.Release|x86.ActiveCfg = Release|Any CPU
		{C0FE45FD-DFEE-4DD4-9091-5D283CF853B2}.Release|x86.Build.0 = Release|Any CPU
		{2B68DBEF-76BE-4D70-8018-75423695AC3C}.Debug|Any CPU.ActiveCfg = Debug|Any CPU
		{2B68DBEF-76BE-4D70-8018-75423695AC3C}.Debug|Any CPU.Build.0 = Debug|Any CPU
		{2B68DBEF-76BE-4D70-8018-75423695AC3C}.Debug|x64.ActiveCfg = Debug|Any CPU
		{2B68DBEF-76BE-4D70-8018-75423695AC3C}.Debug|x64.Build.0 = Debug|Any CPU
		{2B68DBEF-76BE-4D70-8018-75423695AC3C}.Debug|x86.ActiveCfg = Debug|Any CPU
		{2B68DBEF-76BE-4D70-8018-75423695AC3C}.Debug|x86.Build.0 = Debug|Any CPU
		{2B68DBEF-76BE-4D70-8018-75423695AC3C}.Release|Any CPU.ActiveCfg = Release|Any CPU
		{2B68DBEF-76BE-4D70-8018-75423695AC3C}.Release|Any CPU.Build.0 = Release|Any CPU
		{2B68DBEF-76BE-4D70-8018-75423695AC3C}.Release|x64.ActiveCfg = Release|Any CPU
		{2B68DBEF-76BE-4D70-8018-75423695AC3C}.Release|x64.Build.0 = Release|Any CPU
		{2B68DBEF-76BE-4D70-8018-75423695AC3C}.Release|x86.ActiveCfg = Release|Any CPU
		{2B68DBEF-76BE-4D70-8018-75423695AC3C}.Release|x86.Build.0 = Release|Any CPU
		{ED095B64-DC44-4AC9-9D23-B876B3B10FC4}.Debug|Any CPU.ActiveCfg = Debug|Any CPU
		{ED095B64-DC44-4AC9-9D23-B876B3B10FC4}.Debug|Any CPU.Build.0 = Debug|Any CPU
		{ED095B64-DC44-4AC9-9D23-B876B3B10FC4}.Debug|x64.ActiveCfg = Debug|Any CPU
		{ED095B64-DC44-4AC9-9D23-B876B3B10FC4}.Debug|x64.Build.0 = Debug|Any CPU
		{ED095B64-DC44-4AC9-9D23-B876B3B10FC4}.Debug|x86.ActiveCfg = Debug|Any CPU
		{ED095B64-DC44-4AC9-9D23-B876B3B10FC4}.Debug|x86.Build.0 = Debug|Any CPU
		{ED095B64-DC44-4AC9-9D23-B876B3B10FC4}.Release|Any CPU.ActiveCfg = Release|Any CPU
		{ED095B64-DC44-4AC9-9D23-B876B3B10FC4}.Release|Any CPU.Build.0 = Release|Any CPU
		{ED095B64-DC44-4AC9-9D23-B876B3B10FC4}.Release|x64.ActiveCfg = Release|Any CPU
		{ED095B64-DC44-4AC9-9D23-B876B3B10FC4}.Release|x64.Build.0 = Release|Any CPU
		{ED095B64-DC44-4AC9-9D23-B876B3B10FC4}.Release|x86.ActiveCfg = Release|Any CPU
		{ED095B64-DC44-4AC9-9D23-B876B3B10FC4}.Release|x86.Build.0 = Release|Any CPU
		{E21DB5DA-461A-4919-8C39-BE2DC9D22020}.Debug|Any CPU.ActiveCfg = Debug|Any CPU
		{E21DB5DA-461A-4919-8C39-BE2DC9D22020}.Debug|Any CPU.Build.0 = Debug|Any CPU
		{E21DB5DA-461A-4919-8C39-BE2DC9D22020}.Debug|x64.ActiveCfg = Debug|Any CPU
		{E21DB5DA-461A-4919-8C39-BE2DC9D22020}.Debug|x64.Build.0 = Debug|Any CPU
		{E21DB5DA-461A-4919-8C39-BE2DC9D22020}.Debug|x86.ActiveCfg = Debug|Any CPU
		{E21DB5DA-461A-4919-8C39-BE2DC9D22020}.Debug|x86.Build.0 = Debug|Any CPU
		{E21DB5DA-461A-4919-8C39-BE2DC9D22020}.Release|Any CPU.ActiveCfg = Release|Any CPU
		{E21DB5DA-461A-4919-8C39-BE2DC9D22020}.Release|Any CPU.Build.0 = Release|Any CPU
		{E21DB5DA-461A-4919-8C39-BE2DC9D22020}.Release|x64.ActiveCfg = Release|Any CPU
		{E21DB5DA-461A-4919-8C39-BE2DC9D22020}.Release|x64.Build.0 = Release|Any CPU
		{E21DB5DA-461A-4919-8C39-BE2DC9D22020}.Release|x86.ActiveCfg = Release|Any CPU
		{E21DB5DA-461A-4919-8C39-BE2DC9D22020}.Release|x86.Build.0 = Release|Any CPU
		{4540B223-633B-4D42-8D37-560E94507785}.Debug|Any CPU.ActiveCfg = Debug|Any CPU
		{4540B223-633B-4D42-8D37-560E94507785}.Debug|Any CPU.Build.0 = Debug|Any CPU
		{4540B223-633B-4D42-8D37-560E94507785}.Debug|x64.ActiveCfg = Debug|Any CPU
		{4540B223-633B-4D42-8D37-560E94507785}.Debug|x64.Build.0 = Debug|Any CPU
		{4540B223-633B-4D42-8D37-560E94507785}.Debug|x86.ActiveCfg = Debug|Any CPU
		{4540B223-633B-4D42-8D37-560E94507785}.Debug|x86.Build.0 = Debug|Any CPU
		{4540B223-633B-4D42-8D37-560E94507785}.Release|Any CPU.ActiveCfg = Release|Any CPU
		{4540B223-633B-4D42-8D37-560E94507785}.Release|Any CPU.Build.0 = Release|Any CPU
		{4540B223-633B-4D42-8D37-560E94507785}.Release|x64.ActiveCfg = Release|Any CPU
		{4540B223-633B-4D42-8D37-560E94507785}.Release|x64.Build.0 = Release|Any CPU
		{4540B223-633B-4D42-8D37-560E94507785}.Release|x86.ActiveCfg = Release|Any CPU
		{4540B223-633B-4D42-8D37-560E94507785}.Release|x86.Build.0 = Release|Any CPU
		{DE40CD73-DE66-4982-93C9-D35A1BB705EE}.Debug|Any CPU.ActiveCfg = Debug|Any CPU
		{DE40CD73-DE66-4982-93C9-D35A1BB705EE}.Debug|Any CPU.Build.0 = Debug|Any CPU
		{DE40CD73-DE66-4982-93C9-D35A1BB705EE}.Debug|x64.ActiveCfg = Debug|Any CPU
		{DE40CD73-DE66-4982-93C9-D35A1BB705EE}.Debug|x64.Build.0 = Debug|Any CPU
		{DE40CD73-DE66-4982-93C9-D35A1BB705EE}.Debug|x86.ActiveCfg = Debug|Any CPU
		{DE40CD73-DE66-4982-93C9-D35A1BB705EE}.Debug|x86.Build.0 = Debug|Any CPU
		{DE40CD73-DE66-4982-93C9-D35A1BB705EE}.Release|Any CPU.ActiveCfg = Release|Any CPU
		{DE40CD73-DE66-4982-93C9-D35A1BB705EE}.Release|Any CPU.Build.0 = Release|Any CPU
		{DE40CD73-DE66-4982-93C9-D35A1BB705EE}.Release|x64.ActiveCfg = Release|Any CPU
		{DE40CD73-DE66-4982-93C9-D35A1BB705EE}.Release|x64.Build.0 = Release|Any CPU
		{DE40CD73-DE66-4982-93C9-D35A1BB705EE}.Release|x86.ActiveCfg = Release|Any CPU
		{DE40CD73-DE66-4982-93C9-D35A1BB705EE}.Release|x86.Build.0 = Release|Any CPU
		{F5AEBBFC-494D-4EA8-A1E3-1B2F10BC5B68}.Debug|Any CPU.ActiveCfg = Debug|Any CPU
		{F5AEBBFC-494D-4EA8-A1E3-1B2F10BC5B68}.Debug|Any CPU.Build.0 = Debug|Any CPU
		{F5AEBBFC-494D-4EA8-A1E3-1B2F10BC5B68}.Debug|x64.ActiveCfg = Debug|Any CPU
		{F5AEBBFC-494D-4EA8-A1E3-1B2F10BC5B68}.Debug|x64.Build.0 = Debug|Any CPU
		{F5AEBBFC-494D-4EA8-A1E3-1B2F10BC5B68}.Debug|x86.ActiveCfg = Debug|Any CPU
		{F5AEBBFC-494D-4EA8-A1E3-1B2F10BC5B68}.Debug|x86.Build.0 = Debug|Any CPU
		{F5AEBBFC-494D-4EA8-A1E3-1B2F10BC5B68}.Release|Any CPU.ActiveCfg = Release|Any CPU
		{F5AEBBFC-494D-4EA8-A1E3-1B2F10BC5B68}.Release|Any CPU.Build.0 = Release|Any CPU
		{F5AEBBFC-494D-4EA8-A1E3-1B2F10BC5B68}.Release|x64.ActiveCfg = Release|Any CPU
		{F5AEBBFC-494D-4EA8-A1E3-1B2F10BC5B68}.Release|x64.Build.0 = Release|Any CPU
		{F5AEBBFC-494D-4EA8-A1E3-1B2F10BC5B68}.Release|x86.ActiveCfg = Release|Any CPU
		{F5AEBBFC-494D-4EA8-A1E3-1B2F10BC5B68}.Release|x86.Build.0 = Release|Any CPU
		{E13A8038-C459-4D56-8F6F-C3A49AA8C2E0}.Debug|Any CPU.ActiveCfg = Debug|Any CPU
		{E13A8038-C459-4D56-8F6F-C3A49AA8C2E0}.Debug|Any CPU.Build.0 = Debug|Any CPU
		{E13A8038-C459-4D56-8F6F-C3A49AA8C2E0}.Debug|x64.ActiveCfg = Debug|Any CPU
		{E13A8038-C459-4D56-8F6F-C3A49AA8C2E0}.Debug|x64.Build.0 = Debug|Any CPU
		{E13A8038-C459-4D56-8F6F-C3A49AA8C2E0}.Debug|x86.ActiveCfg = Debug|Any CPU
		{E13A8038-C459-4D56-8F6F-C3A49AA8C2E0}.Debug|x86.Build.0 = Debug|Any CPU
		{E13A8038-C459-4D56-8F6F-C3A49AA8C2E0}.Release|Any CPU.ActiveCfg = Release|Any CPU
		{E13A8038-C459-4D56-8F6F-C3A49AA8C2E0}.Release|Any CPU.Build.0 = Release|Any CPU
		{E13A8038-C459-4D56-8F6F-C3A49AA8C2E0}.Release|x64.ActiveCfg = Release|Any CPU
		{E13A8038-C459-4D56-8F6F-C3A49AA8C2E0}.Release|x64.Build.0 = Release|Any CPU
		{E13A8038-C459-4D56-8F6F-C3A49AA8C2E0}.Release|x86.ActiveCfg = Release|Any CPU
		{E13A8038-C459-4D56-8F6F-C3A49AA8C2E0}.Release|x86.Build.0 = Release|Any CPU
		{0D95413C-0E7F-4C87-973A-57DF1AE680C5}.Debug|Any CPU.ActiveCfg = Debug|Any CPU
		{0D95413C-0E7F-4C87-973A-57DF1AE680C5}.Debug|Any CPU.Build.0 = Debug|Any CPU
		{0D95413C-0E7F-4C87-973A-57DF1AE680C5}.Debug|x64.ActiveCfg = Debug|Any CPU
		{0D95413C-0E7F-4C87-973A-57DF1AE680C5}.Debug|x64.Build.0 = Debug|Any CPU
		{0D95413C-0E7F-4C87-973A-57DF1AE680C5}.Debug|x86.ActiveCfg = Debug|Any CPU
		{0D95413C-0E7F-4C87-973A-57DF1AE680C5}.Debug|x86.Build.0 = Debug|Any CPU
		{0D95413C-0E7F-4C87-973A-57DF1AE680C5}.Release|Any CPU.ActiveCfg = Release|Any CPU
		{0D95413C-0E7F-4C87-973A-57DF1AE680C5}.Release|Any CPU.Build.0 = Release|Any CPU
		{0D95413C-0E7F-4C87-973A-57DF1AE680C5}.Release|x64.ActiveCfg = Release|Any CPU
		{0D95413C-0E7F-4C87-973A-57DF1AE680C5}.Release|x64.Build.0 = Release|Any CPU
		{0D95413C-0E7F-4C87-973A-57DF1AE680C5}.Release|x86.ActiveCfg = Release|Any CPU
		{0D95413C-0E7F-4C87-973A-57DF1AE680C5}.Release|x86.Build.0 = Release|Any CPU
		{7E5C9A21-3F84-4B6D-9C12-0A4D8E6F1B34}.Debug|Any CPU.ActiveCfg = Debug|Any CPU
		{7E5C9A21-3F84-4B6D-9C12-0A4D8E6F1B34}.Debug|Any CPU.Build.0 = Debug|Any CPU
		{7E5C9A21-3F84-4B6D-9C12-0A4D8E6F1B34}.Debug|x64.ActiveCfg = Debug|Any CPU
		{7E5C9A21-3F84-4B6D-9C12-0A4D8E6F1B34}.Debug|x64.Build.0 = Debug|Any CPU
		{7E5C9A21-3F84-4B6D-9C12-0A4D8E6F1B34}.Debug|x86.ActiveCfg = Debug|Any CPU
		{7E5C9A21-3F84-4B6D-9C12-0A4D8E6F1B34}.Debug|x86.Build.0 = Debug|Any CPU
		{7E5C9A21-3F84-4B6D-9C12-0A4D8E6F1B34}.Release|Any CPU.ActiveCfg = Release|Any CPU
		{7E5C9A21-3F84-4B6D-9C12-0A4D8E6F1B34}.Release|Any CPU.Build.0 = Release|Any CPU
		{7E5C9A21-3F84-4B6D-9C12-0A4D8E6F1B34}.Release|x64.ActiveCfg = Release|Any CPU
		{7E5C9A21-3F84-4B6D-9C12-0A4D8E6F1B34}.Release|x64.Build.0 = Release|Any CPU
		{7E5C9A21-3F84-4B6D-9C12-0A4D8E6F1B34}.Release|x86.ActiveCfg = Release|Any CPU
		{7E5C9A21-3F84-4B6D-9C12-0A4D8E6F1B34}.Release|x86.Build.0 = Release|Any CPU
		{2D9F4A86-1C73-4E5B-8A09-6B3F7D2C0E15}.Debug|Any CPU.ActiveCfg = Debug|Any CPU
		{2D9F4A86-1C73-4E5B-8A09-6B3F7D2C0E15}.Debug|Any CPU.Build.0 = Debug|Any CPU
		{2D9F4A86-1C73-4E5B-8A09-6B3F7D2C0E15}.Debug|x64.ActiveCfg = Debug|Any CPU
		{2D9F4A86-1C73-4E5B-8A09-6B3F7D2C0E15}.Debug|x64.Build.0 = Debug|Any CPU
		{2D9F4A86-1C73-4E5B-8A09-6B3F7D2C0E15}.Debug|x86.ActiveCfg = Debug|Any CPU
		{2D9F4A86-1C73-4E5B-8A09-6B3F7D2C0E15}.Debug|x86.Build.0 = Debug|Any CPU
		{2D9F4A86-1C73-4E5B-8A09-6B3F7D2C0E15}.Release|Any CPU.ActiveCfg = Release|Any CPU
		{2D9F4A86-1C73-4E5B-8A09-6B3F7D2C0E15}.Release|Any CPU.Build.0 = Release|Any CPU
		{2D9F4A86-1C73-4E5B-8A09-6B3F7D2C0E15}.Release|x64.ActiveCfg = Release|Any CPU
		{2D9F4A86-1C73-4E5B-8A09-6B3F7D2C0E15}.Release|x64.Build.0 = Release|Any CPU
		{2D9F4A86-1C73-4E5B-8A09-6B3F7D2C0E15}.Release|x86.ActiveCfg = Release|Any CPU
		{2D9F4A86-1C73-4E5B-8A09-6B3F7D2C0E15}.Release|x86.Build.0 = Release|Any CPU
		{C057ECF7-AF4E-495A-9220-1D7447875E0C}.Debug|Any CPU.ActiveCfg = Debug|Any CPU
		{C057ECF7-AF4E-495A-9220-1D7447875E0C}.Debug|Any CPU.Build.0 = Debug|Any CPU
		{C057ECF7-AF4E-495A-9220-1D7447875E0C}.Debug|x64.ActiveCfg = Debug|Any CPU
		{C057ECF7-AF4E-495A-9220-1D7447875E0C}.Debug|x64.Build.0 = Debug|Any CPU
		{C057ECF7-AF4E-495A-9220-1D7447875E0C}.Debug|x86.ActiveCfg = Debug|Any CPU
		{C057ECF7-AF4E-495A-9220-1D7447875E0C}.Debug|x86.Build.0 = Debug|Any CPU
		{C057ECF7-AF4E-495A-9220-1D7447875E0C}.Release|Any CPU.ActiveCfg = Release|Any CPU
		{C057ECF7-AF4E-495A-9220-1D7447875E0C}.Release|Any CPU.Build.0 = Release|Any CPU
		{C057ECF7-AF4E-495A-9220-1D7447875E0C}.Release|x64.ActiveCfg = Release|Any CPU
		{C057ECF7-AF4E-495A-9220-1D7447875E0C}.Release|x64.Build.0 = Release|Any CPU
		{C057ECF7-AF4E-495A-9220-1D7447875E0C}.Release|x86.ActiveCfg = Release|Any CPU
		{C057ECF7-AF4E-495A-9220-1D7447875E0C}.Release|x86.Build.0 = Release|Any CPU
		{3DF9B0D4-BEDE-43E9-843F-96D0C1A6651A}.Debug|Any CPU.ActiveCfg = Debug|Any CPU
		{3DF9B0D4-BEDE-43E9-843F-96D0C1A6651A}.Debug|Any CPU.Build.0 = Debug|Any CPU
		{3DF9B0D4-BEDE-43E9-843F-96D0C1A6651A}.Debug|x64.ActiveCfg = Debug|Any CPU
		{3DF9B0D4-BEDE-43E9-843F-96D0C1A6651A}.Debug|x64.Build.0 = Debug|Any CPU
		{3DF9B0D4-BEDE-43E9-843F-96D0C1A6651A}.Debug|x86.ActiveCfg = Debug|Any CPU
		{3DF9B0D4-BEDE-43E9-843F-96D0C1A6651A}.Debug|x86.Build.0 = Debug|Any CPU
		{3DF9B0D4-BEDE-43E9-843F-96D0C1A6651A}.Release|Any CPU.ActiveCfg = Release|Any CPU
		{3DF9B0D4-BEDE-43E9-843F-96D0C1A6651A}.Release|Any CPU.Build.0 = Release|Any CPU
		{3DF9B0D4-BEDE-43E9-843F-96D0C1A6651A}.Release|x64.ActiveCfg = Release|Any CPU
		{3DF9B0D4-BEDE-43E9-843F-96D0C1A6651A}.Release|x64.Build.0 = Release|Any CPU
		{3DF9B0D4-BEDE-43E9-843F-96D0C1A6651A}.Release|x86.ActiveCfg = Release|Any CPU
		{3DF9B0D4-BEDE-43E9-843F-96D0C1A6651A}.Release|x86.Build.0 = Release|Any CPU
	EndGlobalSection
	GlobalSection(SolutionProperties) = preSolution
		HideSolutionNode = FALSE
	EndGlobalSection
	GlobalSection(NestedProjects) = preSolution
		{638C12DB-A4D6-4CB4-947D-D4B7C2A46DD9} = {827E0CD3-B72D-47B6-A68D-7590B98EB39B}
		{8D0520D1-514C-401C-A09D-224AE130B073} = {0AB3BF05-4346-4AA6-1389-037BE0695223}
		{FAEEAE82-AF73-4EB7-9BEC-9B85E13D3C2A} = {827E0CD3-B72D-47B6-A68D-7590B98EB39B}
		{FC08FF48-A4E9-4943-98AB-DFCE9B39C898} = {0AB3BF05-4346-4AA6-1389-037BE0695223}
		{77255F9B-E1A9-4FE4-AD61-8DC218015327} = {827E0CD3-B72D-47B6-A68D-7590B98EB39B}
		{7FB4C487-8E83-4A85-8A85-1C96B9CD9321} = {0AB3BF05-4346-4AA6-1389-037BE0695223}
		{A1F3D958-2CD7-4FFC-AE36-37E47C55B934} = {827E0CD3-B72D-47B6-A68D-7590B98EB39B}
		{79973560-5F29-4321-A785-6E7689BD5F3A} = {0AB3BF05-4346-4AA6-1389-037BE0695223}
		{109E2F19-3863-4D64-8C45-448661637F50} = {827E0CD3-B72D-47B6-A68D-7590B98EB39B}
		{900DC0A6-2692-41FA-B3B6-DCD5B424ADFA} = {0AB3BF05-4346-4AA6-1389-037BE0695223}
		{30D29EF3-69AE-4582-AFB1-E73478BDD391} = {827E0CD3-B72D-47B6-A68D-7590B98EB39B}
		{EC8C1BD6-AD65-408D-8940-EC71B7E2D54E} = {0AB3BF05-4346-4AA6-1389-037BE0695223}
		{503EF0F4-7AA0-4EC5-85B2-066C4565BC0C} = {827E0CD3-B72D-47B6-A68D-7590B98EB39B}
		{A98049DE-C12A-46B7-8EA8-1AF769DEEFCF} = {0AB3BF05-4346-4AA6-1389-037BE0695223}
		{3D8C2FAC-F60E-472D-84C4-BC6A977445D8} = {827E0CD3-B72D-47B6-A68D-7590B98EB39B}
		{DCE8FA24-9EA9-48C1-BF41-A198BED88657} = {0AB3BF05-4346-4AA6-1389-037BE0695223}
		{E88FDF0A-7754-4D40-9824-879F14D8E4F7} = {827E0CD3-B72D-47B6-A68D-7590B98EB39B}
		{AEBAA2D9-BD44-48F9-89C4-DA917D77076D} = {0AB3BF05-4346-4AA6-1389-037BE0695223}
		{F9540589-7C06-4149-AEB2-CAD5415B2B71} = {827E0CD3-B72D-47B6-A68D-7590B98EB39B}
		{E3420AD9-B707-4D67-B78B-33C44ECCAC12} = {0AB3BF05-4346-4AA6-1389-037BE0695223}
		{4A93344B-F408-4A0E-A1D8-04F92995729D} = {827E0CD3-B72D-47B6-A68D-7590B98EB39B}
		{77326FDF-D1E8-403F-A8AC-F1843E356FD2} = {0AB3BF05-4346-4AA6-1389-037BE0695223}
		{A063C86C-6924-4668-BC16-2638C2F4E9FC} = {827E0CD3-B72D-47B6-A68D-7590B98EB39B}
		{C71930AE-FA13-4B05-803E-2FB5CD81DD94} = {0AB3BF05-4346-4AA6-1389-037BE0695223}
		{70CC7964-B247-4A00-B2CE-8523A05B9E9C} = {827E0CD3-B72D-47B6-A68D-7590B98EB39B}
		{1FC1DA32-3BDD-4DCE-A537-61634057872F} = {0AB3BF05-4346-4AA6-1389-037BE0695223}
		{9F36F5ED-7237-4424-A813-90F3955A8510} = {827E0CD3-B72D-47B6-A68D-7590B98EB39B}
		{FBDF8591-C4CE-4633-BFAC-990D5383A3EE} = {0AB3BF05-4346-4AA6-1389-037BE0695223}
		{9649D10D-6703-432E-8F6B-60760CFF54BF} = {827E0CD3-B72D-47B6-A68D-7590B98EB39B}
		{055A23B9-FFEE-4211-9208-0E8E4ABB3262} = {0AB3BF05-4346-4AA6-1389-037BE0695223}
		{AC0FE5FD-7724-46F6-A2A4-5FCF093848C3} = {827E0CD3-B72D-47B6-A68D-7590B98EB39B}
		{3E1AE988-620B-4D40-BF65-849E90AFC473} = {0AB3BF05-4346-4AA6-1389-037BE0695223}
		{4B25DB5C-DE37-4966-B570-A2FD3CBD2A18} = {827E0CD3-B72D-47B6-A68D-7590B98EB39B}
		{924FB87B-5265-438B-980B-B72CBDE9CB78} = {0AB3BF05-4346-4AA6-1389-037BE0695223}
		{72E72980-1DC8-4B13-A3D1-3DFCC91D47CA} = {827E0CD3-B72D-47B6-A68D-7590B98EB39B}
		{A227C3F4-FB43-4BBE-BAD6-1D92A626F083} = {0AB3BF05-4346-4AA6-1389-037BE0695223}
		{05AF6779-09C7-4929-894E-B84F1DF5F6D3} = {0AB3BF05-4346-4AA6-1389-037BE0695223}
		{CF6DA40F-51F5-45BF-B633-E3E311DAC93A} = {827E0CD3-B72D-47B6-A68D-7590B98EB39B}
		{4968127E-7A66-43A4-A355-E13673BAC023} = {0AB3BF05-4346-4AA6-1389-037BE0695223}
		{A70914F3-0029-49D1-B451-6510C8B145D0} = {827E0CD3-B72D-47B6-A68D-7590B98EB39B}
		{C0FE45FD-DFEE-4DD4-9091-5D283CF853B2} = {0AB3BF05-4346-4AA6-1389-037BE0695223}
		{2B68DBEF-76BE-4D70-8018-75423695AC3C} = {827E0CD3-B72D-47B6-A68D-7590B98EB39B}
		{ED095B64-DC44-4AC9-9D23-B876B3B10FC4} = {0AB3BF05-4346-4AA6-1389-037BE0695223}
		{E21DB5DA-461A-4919-8C39-BE2DC9D22020} = {827E0CD3-B72D-47B6-A68D-7590B98EB39B}
		{4540B223-633B-4D42-8D37-560E94507785} = {0AB3BF05-4346-4AA6-1389-037BE0695223}
		{DE40CD73-DE66-4982-93C9-D35A1BB705EE} = {827E0CD3-B72D-47B6-A68D-7590B98EB39B}
		{F5AEBBFC-494D-4EA8-A1E3-1B2F10BC5B68} = {0AB3BF05-4346-4AA6-1389-037BE0695223}
		{E13A8038-C459-4D56-8F6F-C3A49AA8C2E0} = {827E0CD3-B72D-47B6-A68D-7590B98EB39B}
		{0D95413C-0E7F-4C87-973A-57DF1AE680C5} = {0AB3BF05-4346-4AA6-1389-037BE0695223}
		{7E5C9A21-3F84-4B6D-9C12-0A4D8E6F1B34} = {827E0CD3-B72D-47B6-A68D-7590B98EB39B}
		{2D9F4A86-1C73-4E5B-8A09-6B3F7D2C0E15} = {0AB3BF05-4346-4AA6-1389-037BE0695223}
		{C057ECF7-AF4E-495A-9220-1D7447875E0C} = {827E0CD3-B72D-47B6-A68D-7590B98EB39B}
		{3DF9B0D4-BEDE-43E9-843F-96D0C1A6651A} = {0AB3BF05-4346-4AA6-1389-037BE0695223}
	EndGlobalSection
EndGlobal
