{
  "version": 2,
  "dependencies": {
    "net10.0": {
      "fs.gg.governance.agentreviewkey": {
        "type": "Project",
        "dependencies": {
          "FS.GG.Governance.FreshnessKey": "[0.1.0, )"
        }
      },
      "fs.gg.governance.cacheeligibility": {
        "type": "Project",
        "dependencies": {
          "FS.GG.Governance.EvidenceReuse": "[0.1.0, )",
          "FS.GG.Governance.Gates": "[0.1.0, )"
        }
      },
      "fs.gg.governance.config": {
        "type": "Project",
        "dependencies": {
          "FS.GG.Contracts": "[5.0.1, )",
          "YamlDotNet": "[18.1.0, )"
        }
      },
      "fs.gg.governance.costbudget": {
        "type": "Project",
        "dependencies": {
          "FS.GG.Governance.AgentReviewKey": "[0.1.0, )",
          "FS.GG.Governance.CacheEligibility": "[0.1.0, )",
          "FS.GG.Governance.Config": "[0.1.0, )",
          "FS.GG.Governance.Enforcement": "[0.1.0, )",
          "FS.GG.Governance.EvidenceReuse": "[0.1.0, )",
          "FS.GG.Governance.FreshnessKey": "[0.1.0, )",
          "FS.GG.Governance.Gates": "[0.1.0, )"
        }
      },
      "fs.gg.governance.enforcement": {
        "type": "Project",
        "dependencies": {
          "FS.GG.Governance.Config": "[0.1.0, )"
        }
      },
      "fs.gg.governance.evidencereuse": {
        "type": "Project",
        "dependencies": {
          "FS.GG.Governance.FreshnessKey": "[0.1.0, )"
        }
      },
      "fs.gg.governance.freshnesskey": {
        "type": "Project",
        "dependencies": {
          "FS.GG.Governance.Config": "[0.1.0, )"
        }
      },
      "fs.gg.governance.gates": {
        "type": "Project",
        "dependencies": {
          "FS.GG.Governance.Config": "[0.1.0, )"
        }
      },
      "FS.GG.Contracts": {
        "type": "CentralTransitive",
        "requested": "[5.0.1, )",
        "resolved": "5.0.1",
        "contentHash": "cQh4O62QM6mnGSw5G2ioh9gZ8adx3UOJt49eK1BuYkrE6GZT40EocXrproYF74Vrj8eDFSqz6mf/b366J3orig==",
        "dependencies": {
          "FSharp.Core": "10.1.302"
        }
      },
      "FSharp.Core": {
        "type": "CentralTransitive",
        "requested": "[10.1.302, )",
        "resolved": "10.1.302",
        "contentHash": "bN7XMQrAQg1dyHScJ7FcsznERBkvm74LtIo1O6C5mUzgbDqSwNbDpb3+nBGaJAjDmtC/suK5Vx5pFysKY6Hm+Q=="
      },
      "YamlDotNet": {
        "type": "CentralTransitive",
        "requested": "[18.1.0, )",
        "resolved": "18.1.0",
        "contentHash": "5K+9KFg2TdTl7VXv88Qzi/0lqK6JFoNP3lRuImPYGRV7K/QYklDyTrj4+A+KAki1JsQi6qKY+hDyY7d6WRqjrw=="
      }
    }
  }
}